{
  "version": 4,
  "terraform_version": "1.14.3",
  "serial": 48,
  "lineage": "3f60c07d-2b76-3249-9d24-6565b5d96d03",
  "outputs": {
    "alerts_topic_arn": {
      "value": "arn:aws:sns:us-east-1:503561456712:compliance-scanner-alerts-wo9mv6dx",
      "type": "string"
    },
    "check_cloudtrail_lambda_arn": {
      "value": "arn:aws:lambda:us-east-1:503561456712:function:compliance-scanner-check-cloudtrail-wo9mv6dx",
      "type": "string"
    },
    "check_ec2_lambda_arn": {
      "value": "arn:aws:lambda:us-east-1:503561456712:function:compliance-scanner-check-ec2-wo9mv6dx",
      "type": "string"
    },
    "check_iam_lambda_arn": {
      "value": "arn:aws:lambda:us-east-1:503561456712:function:compliance-scanner-check-iam-wo9mv6dx",
      "type": "string"
    },
    "check_s3_lambda_arn": {
      "value": "arn:aws:lambda:us-east-1:503561456712:function:compliance-scanner-check-s3-wo9mv6dx",
      "type": "string"
    },
    "check_vpc_lambda_arn": {
      "value": "arn:aws:lambda:us-east-1:503561456712:function:compliance-scanner-check-vpc-wo9mv6dx",
      "type": "string"
    },
    "daily_scan_rule_arn": {
      "value": "arn:aws:events:us-east-1:503561456712:rule/compliance-scanner-daily-scan-wo9mv6dx",
      "type": "string"
    },
    "daily_summary_topic_arn": {
      "value": "arn:aws:sns:us-east-1:503561456712:compliance-scanner-daily-summary-wo9mv6dx",
      "type": "string"
    },
    "findings_table_arn": {
      "value": "arn:aws:dynamodb:us-east-1:503561456712:table/compliance-scanner-findings-wo9mv6dx",
      "type": "string"
    },
    "findings_table_name": {
      "value": "compliance-scanner-findings-wo9mv6dx",
      "type": "string"
    },
    "lambda_code_bucket_name": {
      "value": "compliance-scanner-lambda-code-wo9mv6dx",
      "type": "string"
    },
    "orchestrator_lambda_arn": {
      "value": "arn:aws:lambda:us-east-1:503561456712:function:compliance-scanner-orchestrator-wo9mv6dx",
      "type": "string"
    },
    "report_generator_lambda_arn": {
      "value": "arn:aws:lambda:us-east-1:503561456712:function:compliance-scanner-report-generator-wo9mv6dx",
      "type": "string"
    },
    "report_generator_role_arn": {
      "value": "arn:aws:iam::503561456712:role/compliance-scanner-report-role-wo9mv6dx",
      "type": "string"
    },
    "reports_bucket_arn": {
      "value": "arn:aws:s3:::compliance-scanner-reports-wo9mv6dx",
      "type": "string"
    },
    "reports_bucket_name": {
      "value": "compliance-scanner-reports-wo9mv6dx",
      "type": "string"
    },
    "reports_url": {
      "value": "https://compliance-scanner-reports-wo9mv6dx.s3.us-east-1.amazonaws.com/reports/",
      "type": "string"
    },
    "scan_history_table_name": {
      "value": "compliance-scanner-scan-history-wo9mv6dx",
      "type": "string"
    },
    "scan_schedule": {
      "value": "cron(0 2 * * ? *)",
      "type": "string"
    },
    "scanner_role_arn": {
      "value": "arn:aws:iam::503561456712:role/compliance-scanner-scanner-role-wo9mv6dx",
      "type": "string"
    }
  },
  "resources": [
    {
      "mode": "data",
      "type": "archive_file",
      "name": "check_cloudtrail",
      "provider": "provider[\"registry.terraform.io/hashicorp/archive\"]",
      "instances": [
        {
          "schema_version": 0,
          "attributes": {
            "exclude_symlink_directories": null,
            "excludes": null,
            "id": "53931230da4a1aa2de1dc540649db2c98de8032c",
            "output_base64sha256": "GJBVgWRUgKFsTumYmYTOUgI4MKMSBKeUzXrdlOeLGos=",
            "output_base64sha512": "zhwvd3ykx6q58hLRLAQv2EkCGUBV6fZwWFbRtJr1C5EdQ3G91J+JDCeEByOw7tyjmkj0xc8VnnRkwCsKUQBPcA==",
            "output_file_mode": null,
            "output_md5": "cf53f3bbd9970c16a654b173a959e094",
            "output_path": "./.terraform/tmp/check_cloudtrail.zip",
            "output_sha": "53931230da4a1aa2de1dc540649db2c98de8032c",
            "output_sha256": "18905581645480a16c4ee9989984ce52023830a31204a794cd7add94e78b1a8b",
            "output_sha512": "ce1c2f777ca4c7aab9f212d12c042fd84902194055e9f6705856d1b49af50b911d4371bdd49f890c27840723b0eedca39a48f4c5cf159e7464c02b0a51004f70",
            "output_size": 2385,
            "source": [],
            "source_content": null,
            "source_content_filename": null,
            "source_dir": "./../src/checks/cloudtrail",
            "source_file": null,
            "type": "zip"
          },
          "sensitive_attributes": [],
          "identity_schema_version": 0
        }
      ]
    },
    {
      "mode": "data",
      "type": "archive_file",
      "name": "check_ec2",
      "provider": "provider[\"registry.terraform.io/hashicorp/archive\"]",
      "instances": [
        {
          "schema_version": 0,
          "attributes": {
            "exclude_symlink_directories": null,
            "excludes": null,
            "id": "88c2db7c71f7ea8ddaefd25d9e8418b2558f2473",
            "output_base64sha256": "Vcf+m3Pq/EH4+ONF0pzCfe7YHAxZ6TZbBmK6ZiwuzQg=",
            "output_base64sha512": "TFxlcQ5UmIFgHIq5SFgyU2yR/Z8n0eR/GTDx+15XhF+EfGkaj4swVSv739CaVHjdUI1mEvG3/HZ898lPXKfCXQ==",
            "output_file_mode": null,
            "output_md5": "0fc02616c69c8cd5b8b27b694c0c59eb",
            "output_path": "./.terraform/tmp/check_ec2.zip",
            "output_sha": "88c2db7c71f7ea8ddaefd25d9e8418b2558f2473",
            "output_sha256": "55c7fe9b73eafc41f8f8e345d29cc27deed81c0c59e9365b0662ba662c2ecd08",
            "output_sha512": "4c5c65710e549881601c8ab9485832536c91fd9f27d1e47f1930f1fb5e57845f847c691a8f8b30552bfbdfd09a5478dd508d6612f1b7fc767cf7c94f5ca7c25d",
            "output_size": 3606,
            "source": [],
            "source_content": null,
            "source_content_filename": null,
            "source_dir": "./../src/checks/ec2",
            "source_file": null,
            "type": "zip"
          },
          "sensitive_attributes": [],
          "identity_schema_version": 0
        }
      ]
    },
    {
      "mode": "data",
      "type": "archive_file",
      "name": "check_iam",
      "provider": "provider[\"registry.terraform.io/hashicorp/archive\"]",
      "instances": [
        {
          "schema_version": 0,
          "attributes": {
            "exclude_symlink_directories": null,
            "excludes": null,
            "id": "85971c0446dcdfda2a6131feb6f17953dcfa752d",
            "output_base64sha256": "TdZif/NBnGD8ULEbfi+7RTNpXC2Ekc3Q7xOIErtrEF0=",
            "output_base64sha512": "bKY0TvVbxvbVdXrXnnVjeBZ/1e7GYLUSnBUj0ehB9Ri4MvWNG4hHwxZDKP/wQY2rYZEKK0FuY/whAT1zidK9RQ==",
            "output_file_mode": null,
            "output_md5": "97274229491f7d51ca4155396c0c9383",
            "output_path": "./.terraform/tmp/check_iam.zip",
            "output_sha": "85971c0446dcdfda2a6131feb6f17953dcfa752d",
            "output_sha256": "4dd6627ff3419c60fc50b11b7e2fbb4533695c2d8491cdd0ef138812bb6b105d",
            "output_sha512": "6ca6344ef55bc6f6d5757ad79e756378167fd5eec660b5129c1523d1e841f518b832f58d1b8847c3164328fff0418dab61910a2b416e63fc21013d7389d2bd45",
            "output_size": 3879,
            "source": [],
            "source_content": null,
            "source_content_filename": null,
            "source_dir": "./../src/checks/iam",
            "source_file": null,
            "type": "zip"
          },
          "sensitive_attributes": [],
          "identity_schema_version": 0
        }
      ]
    },
    {
      "mode": "data",
      "type": "archive_file",
      "name": "check_s3",
      "provider": "provider[\"registry.terraform.io/hashicorp/archive\"]",
      "instances": [
        {
          "schema_version": 0,
          "attributes": {
            "exclude_symlink_directories": null,
            "excludes": null,
            "id": "0a69d1328ed2600e59ffdc056e216fe7e33623d0",
            "output_base64sha256": "HuNN0xu5ikS90ZWNf0oO+xGClXpC5RdenQCOFMs5Zew=",
            "output_base64sha512": "FIg/Hrg7hN/KRr7R4PXF6uGNcN79gLz5eTZ0dB05Gxow3AfFlUL9q3AnnFqNjP395uf5+8kwXhJ1oEUE+BpaGQ==",
            "output_file_mode": null,
            "output_md5": "a32d6e4529fcb7816c79db626764391a",
            "output_path": "./.terraform/tmp/check_s3.zip",
            "output_sha": "0a69d1328ed2600e59ffdc056e216fe7e33623d0",
            "output_sha256": "1ee34dd31bb98a44bdd1958d7f4a0efb1182957a42e5175e9d008e14cb3965ec",
            "output_sha512": "14883f1eb83b84dfca46bed1e0f5c5eae18d70defd80bcf9793674741d391b1a30dc07c59542fdab70279c5a8d8cfdfde6e7f9fbc9305e1275a04504f81a5a19",
            "output_size": 2396,
            "source": [],
            "source_content": null,
            "source_content_filename": null,
            "source_dir": "./../src/checks/s3",
            "source_file": null,
            "type": "zip"
          },
          "sensitive_attributes": [],
          "identity_schema_version": 0
        }
      ]
    },
    {
      "mode": "data",
      "type": "archive_file",
      "name": "check_vpc",
      "provider": "provider[\"registry.terraform.io/hashicorp/archive\"]",
      "instances": [
        {
          "schema_version": 0,
          "attributes": {
            "exclude_symlink_directories": null,
            "excludes": null,
            "id": "09ef8a5afccb7e8dcf55815635f9abf0c025b57e",
            "output_base64sha256": "kcO6vTrAc4KlKi/mVEw+X9CkCyI3BmbrLgqOtJ5KVl8=",
            "output_base64sha512": "Z1Zk5YPXma2PJiW+hlqsXh2dmabcvL++vrhYuXSDJJ1OH2FH2aLZ10u9yYg8KVvVuH1D2qLjCB4tFz+TbQqsQg==",
            "output_file_mode": null,
            "output_md5": "928eb9e9aa15c425e48e8adfb06f7eca",
            "output_path": "./.terraform/tmp/check_vpc.zip",
            "output_sha": "09ef8a5afccb7e8dcf55815635f9abf0c025b57e",
            "output_sha256": "91c3babd3ac07382a52a2fe6544c3e5fd0a40b22370666eb2e0a8eb49e4a565f",
            "output_sha512": "675664e583d799ad8f2625be865aac5e1d9d99a6dcbcbfbebeb858b97483249d4e1f6147d9a2d9d74bbdc9883c295bd5b87d43daa2e3081e2d173f936d0aac42",
            "output_size": 2892,
            "source": [],
            "source_content": null,
            "source_content_filename": null,
            "source_dir": "./../src/checks/vpc",
            "source_file": null,
            "type": "zip"
          },
          "sensitive_attributes": [],
          "identity_schema_version": 0
        }
      ]
    },
    {
      "mode": "data",
      "type": "archive_file",
      "name": "orchestrator",
      "provider": "provider[\"registry.terraform.io/hashicorp/archive\"]",
      "instances": [
        {
          "schema_version": 0,
          "attributes": {
            "exclude_symlink_directories": null,
            "excludes": null,
            "id": "9cac979ef1069c9197d537be93a98be02304e075",
            "output_base64sha256": "GXYl5BcWhirr2iIAJRV/yrtP1wT+8t5gCir0DMTT8Qg=",
            "output_base64sha512": "c6U3OH09vhV76xmDAI8V7oKOJHTYoeMsrPdacm4ZOWpd4yJZjrcA6K1JJjyk04bXpnE0iVjGaQh0pDhwGnpG8w==",
            "output_file_mode": null,
            "output_md5": "e6b339112ae3ad4c79abf57d4784d637",
            "output_path": "./.terraform/tmp/orchestrator.zip",
            "output_sha": "9cac979ef1069c9197d537be93a98be02304e075",
            "output_sha256": "197625e41716862aebda220025157fcabb4fd704fef2de600a2af40cc4d3f108",
            "output_sha512": "73a537387d3dbe157beb1983008f15ee828e2474d8a1e32cacf75a726e19396a5de322598eb700e8ad49263ca4d386d7a671348958c6690874a438701a7a46f3",
            "output_size": 1458,
            "source": [],
            "source_content": null,
            "source_content_filename": null,
            "source_dir": "./../src/orchestrator",
            "source_file": null,
            "type": "zip"
          },
          "sensitive_attributes": [],
          "identity_schema_version": 0
        }
      ]
    },
    {
      "mode": "data",
      "type": "archive_file",
      "name": "report_generator",
      "provider": "provider[\"registry.terraform.io/hashicorp/archive\"]",
      "instances": [
        {
          "schema_version": 0,
          "attributes": {
            "exclude_symlink_directories": null,
            "excludes": null,
            "id": "766b9bdfb05ed808df088f3f37b680a2bdb6de6a",
            "output_base64sha256": "bkRUxVSHjallS3I8JQuQtZ8VMqFonEJAbQT67KytLwg=",
            "output_base64sha512": "XwaL4r4s7v6mvaWzY015LfhFJa4UVUbksmxQkZ/rMU1KoBDEvOvy/21bnXtyvsC+pi6/H5QIjTYlV6Ue3wFxQA==",
            "output_file_mode": null,
            "output_md5": "e58fba24af19af8bec261c93fbc3e322",
            "output_path": "./.terraform/tmp/report_generator.zip",
            "output_sha": "766b9bdfb05ed808df088f3f37b680a2bdb6de6a",
            "output_sha256": "6e4454c554878da9654b723c250b90b59f1532a1689c42406d04faecacad2f08",
            "output_sha512": "5f068be2be2ceefea6bda5b3634d792df84525ae145546e4b26c50919feb314d4aa010c4bcebf2ff6d5b9d7b72bec0bea62ebf1f94088d362557a51edf017140",
            "output_size": 4188,
            "source": [],
            "source_content": null,
            "source_content_filename": null,
            "source_dir": "./../src/report_generator",
            "source_file": null,
            "type": "zip"
          },
          "sensitive_attributes": [],
          "identity_schema_version": 0
        }
      ]
    },
    {
      "mode": "data",
      "type": "aws_caller_identity",
      "name": "current",
      "provider": "provider[\"registry.terraform.io/hashicorp/aws\"]",
      "instances": [
        {
          "schema_version": 0,
          "attributes": {
            "account_id": "503561456712",
            "arn": "arn:aws:iam::503561456712:user/TerraformAdmin",
            "id": "503561456712",
            "user_id": "AIDAXKPU2BREJ5NVNVGB4"
          },
          "sensitive_attributes": [],
          "identity_schema_version": 0
        }
      ]
    },
    {
      "mode": "data",
      "type": "aws_region",
      "name": "current",
      "provider": "provider[\"registry.terraform.io/hashicorp/aws\"]",
      "instances": [
        {
          "schema_version": 0,
          "attributes": {
            "description": "US East (N. Virginia)",
            "endpoint": "ec2.us-east-1.amazonaws.com",
            "id": "us-east-1",
            "name": "us-east-1"
          },
          "sensitive_attributes": [],
          "identity_schema_version": 0
        }
      ]
    },
    {
      "mode": "managed",
      "type": "aws_cloudwatch_event_rule",
      "name": "daily_scan",
      "provider": "provider[\"registry.terraform.io/hashicorp/aws\"]",
      "instances": [
        {
          "schema_version": 1,
          "attributes": {
            "arn": "arn:aws:events:us-east-1:503561456712:rule/compliance-scanner-daily-scan-wo9mv6dx",
            "description": "Triggers daily security compliance scan at 2 AM UTC",
            "event_bus_name": "default",
            "event_pattern": null,
            "force_destroy": false,
            "id": "compliance-scanner-daily-scan-wo9mv6dx",
            "is_enabled": true,
            "name": "compliance-scanner-daily-scan-wo9mv6dx",
            "name_prefix": "",
            "role_arn": "",
            "schedule_expression": "cron(0 2 * * ? *)",
            "state": "ENABLED",
            "tags": {
              "Name": "compliance-scanner-daily-scan"
            },
            "tags_all": {
              "Environment": "dev",
              "ManagedBy": "Terraform",
              "Name": "compliance-scanner-daily-scan",
              "Project": "CloudGuard"
            }
          },
          "sensitive_attributes": [],
          "identity_schema_version": 0,
          "private": "eyJzY2hlbWFfdmVyc2lvbiI6IjEifQ==",
          "dependencies": [
            "random_string.suffix"
          ]
        }
      ]
    },
    {
      "mode": "managed",
      "type": "aws_cloudwatch_event_target",
      "name": "daily_scan",
      "provider": "provider[\"registry.terraform.io/hashicorp/aws\"]",
      "instances": [
        {
          "schema_version": 1,
          "attributes": {
            "appsync_target": [],
            "arn": "arn:aws:lambda:us-east-1:503561456712:function:compliance-scanner-orchestrator-wo9mv6dx",
            "batch_target": [],
            "dead_letter_config": [],
            "ecs_target": [],
            "event_bus_name": "default",
            "force_destroy": false,
            "http_target": [],
            "id": "compliance-scanner-daily-scan-wo9mv6dx-TriggerComplianceScan",
            "input": "{\"source\":\"scheduled\",\"timestamp\":\"$.time\"}",
            "input_path": "",
            "input_transformer": [],
            "kinesis_target": [],
            "redshift_target": [],
            "retry_policy": [],
            "role_arn": "",
            "rule": "compliance-scanner-daily-scan-wo9mv6dx",
            "run_command_targets": [],
            "sagemaker_pipeline_target": [],
            "sqs_target": [],
            "target_id": "TriggerComplianceScan"
          },
          "sensitive_attributes": [],
          "identity_schema_version": 0,
          "private": "eyJzY2hlbWFfdmVyc2lvbiI6IjEifQ==",
          "dependencies": [
            "aws_cloudwatch_event_rule.daily_scan",
            "aws_dynamodb_table.findings",
            "aws_dynamodb_table.scan_history",
            "aws_iam_role.report_generator_role",
            "aws_iam_role.scanner_lambda_role",
            "aws_lambda_function.check_cloudtrail",
            "aws_lambda_function.check_ec2",
            "aws_lambda_function.check_iam",
            "aws_lambda_function.check_s3",
            "aws_lambda_function.check_vpc",
            "aws_lambda_function.orchestrator",
            "aws_lambda_function.report_generator",
            "aws_s3_bucket.reports",
            "aws_sns_topic.alerts",
            "aws_sns_topic.daily_summary",
            "data.archive_file.check_cloudtrail",
            "data.archive_file.check_ec2",
            "data.archive_file.check_iam",
            "data.archive_file.check_s3",
            "data.archive_file.check_vpc",
            "data.archive_file.orchestrator",
            "data.archive_file.report_generator",
            "random_string.suffix"
          ]
        }
      ]
    },
    {
      "mode": "managed",
      "type": "aws_cloudwatch_log_group",
      "name": "check_cloudtrail",
      "provider": "provider[\"registry.terraform.io/hashicorp/aws\"]",
      "instances": [
        {
          "schema_version": 0,
          "attributes": {
            "arn": "arn:aws:logs:us-east-1:503561456712:log-group:/aws/lambda/compliance-scanner-check-cloudtrail-wo9mv6dx",
            "id": "/aws/lambda/compliance-scanner-check-cloudtrail-wo9mv6dx",
            "kms_key_id": "",
            "log_group_class": "STANDARD",
            "name": "/aws/lambda/compliance-scanner-check-cloudtrail-wo9mv6dx",
            "name_prefix": "",
            "retention_in_days": 30,
            "skip_destroy": false,
            "tags": null,
            "tags_all": {
              "Environment": "dev",
              "ManagedBy": "Terraform",
              "Project": "CloudGuard"
            }
          },
          "sensitive_attributes": [],
          "identity_schema_version": 0,
          "private": "bnVsbA==",
          "dependencies": [
            "aws_dynamodb_table.findings",
            "aws_iam_role.scanner_lambda_role",
            "aws_lambda_function.check_cloudtrail",
            "data.archive_file.check_cloudtrail",
            "random_string.suffix"
          ]
        }
      ]
    },
    {
      "mode": "managed",
      "type": "aws_cloudwatch_log_group",
      "name": "check_ec2",
      "provider": "provider[\"registry.terraform.io/hashicorp/aws\"]",
      "instances": [
        {
          "schema_version": 0,
          "attributes": {
            "arn": "arn:aws:logs:us-east-1:503561456712:log-group:/aws/lambda/compliance-scanner-check-ec2-wo9mv6dx",
            "id": "/aws/lambda/compliance-scanner-check-ec2-wo9mv6dx",
            "kms_key_id": "",
            "log_group_class": "STANDARD",
            "name": "/aws/lambda/compliance-scanner-check-ec2-wo9mv6dx",
            "name_prefix": "",
            "retention_in_days": 30,
            "skip_destroy": false,
            "tags": null,
            "tags_all": {
              "Environment": "dev",
              "ManagedBy": "Terraform",
              "Project": "CloudGuard"
            }
          },
          "sensitive_attributes": [],
          "identity_schema_version": 0,
          "private": "bnVsbA==",
          "dependencies": [
            "aws_dynamodb_table.findings",
            "aws_iam_role.scanner_lambda_role",
            "aws_lambda_function.check_ec2",
            "data.archive_file.check_ec2",
            "random_string.suffix"
          ]
        }
      ]
    },
    {
      "mode": "managed",
      "type": "aws_cloudwatch_log_group",
      "name": "check_iam",
      "provider": "provider[\"registry.terraform.io/hashicorp/aws\"]",
      "instances": [
        {
          "schema_version": 0,
          "attributes": {
            "arn": "arn:aws:logs:us-east-1:503561456712:log-group:/aws/lambda/compliance-scanner-check-iam-wo9mv6dx",
            "id": "/aws/lambda/compliance-scanner-check-iam-wo9mv6dx",
            "kms_key_id": "",
            "log_group_class": "STANDARD",
            "name": "/aws/lambda/compliance-scanner-check-iam-wo9mv6dx",
            "name_prefix": "",
            "retention_in_days": 30,
            "skip_destroy": false,
            "tags": null,
            "tags_all": {
              "Environment": "dev",
              "ManagedBy": "Terraform",
              "Project": "CloudGuard"
            }
          },
          "sensitive_attributes": [],
          "identity_schema_version": 0,
          "private": "bnVsbA==",
          "dependencies": [
            "aws_dynamodb_table.findings",
            "aws_iam_role.scanner_lambda_role",
            "aws_lambda_function.check_iam",
            "data.archive_file.check_iam",
            "random_string.suffix"
          ]
        }
      ]
    },
    {
      "mode": "managed",
      "type": "aws_cloudwatch_log_group",
      "name": "check_s3",
      "provider": "provider[\"registry.terraform.io/hashicorp/aws\"]",
      "instances": [
        {
          "schema_version": 0,
          "attributes": {
            "arn": "arn:aws:logs:us-east-1:503561456712:log-group:/aws/lambda/compliance-scanner-check-s3-wo9mv6dx",
            "id": "/aws/lambda/compliance-scanner-check-s3-wo9mv6dx",
            "kms_key_id": "",
            "log_group_class": "STANDARD",
            "name": "/aws/lambda/compliance-scanner-check-s3-wo9mv6dx",
            "name_prefix": "",
            "retention_in_days": 30,
            "skip_destroy": false,
            "tags": null,
            "tags_all": {
              "Environment": "dev",
              "ManagedBy": "Terraform",
              "Project": "CloudGuard"
            }
          },
          "sensitive_attributes": [],
          "identity_schema_version": 0,
          "private": "bnVsbA==",
          "dependencies": [
            "aws_dynamodb_table.findings",
            "aws_iam_role.scanner_lambda_role",
            "aws_lambda_function.check_s3",
            "data.archive_file.check_s3",
            "random_string.suffix"
          ]
        }
      ]
    },
    {
      "mode": "managed",
      "type": "aws_cloudwatch_log_group",
      "name": "check_vpc",
      "provider": "provider[\"registry.terraform.io/hashicorp/aws\"]",
      "instances": [
        {
          "schema_version": 0,
          "attributes": {
            "arn": "arn:aws:logs:us-east-1:503561456712:log-group:/aws/lambda/compliance-scanner-check-vpc-wo9mv6dx",
            "id": "/aws/lambda/compliance-scanner-check-vpc-wo9mv6dx",
            "kms_key_id": "",
            "log_group_class": "STANDARD",
            "name": "/aws/lambda/compliance-scanner-check-vpc-wo9mv6dx",
            "name_prefix": "",
            "retention_in_days": 30,
            "skip_destroy": false,
            "tags": null,
            "tags_all": {
              "Environment": "dev",
              "ManagedBy": "Terraform",
              "Project": "CloudGuard"
            }
          },
          "sensitive_attributes": [],
          "identity_schema_version": 0,
          "private": "bnVsbA==",
          "dependencies": [
            "aws_dynamodb_table.findings",
            "aws_iam_role.scanner_lambda_role",
            "aws_lambda_function.check_vpc",
            "data.archive_file.check_vpc",
            "random_string.suffix"
          ]
        }
      ]
    },
    {
      "mode": "managed",
      "type": "aws_cloudwatch_log_group",
      "name": "orchestrator",
      "provider": "provider[\"registry.terraform.io/hashicorp/aws\"]",
      "instances": [
        {
          "schema_version": 0,
          "attributes": {
            "arn": "arn:aws:logs:us-east-1:503561456712:log-group:/aws/lambda/compliance-scanner-orchestrator-wo9mv6dx",
            "id": "/aws/lambda/compliance-scanner-orchestrator-wo9mv6dx",
            "kms_key_id": "",
            "log_group_class": "STANDARD",
            "name": "/aws/lambda/compliance-scanner-orchestrator-wo9mv6dx",
            "name_prefix": "",
            "retention_in_days": 30,
            "skip_destroy": false,
            "tags": null,
            "tags_all": {
              "Environment": "dev",
              "ManagedBy": "Terraform",
              "Project": "CloudGuard"
            }
          },
          "sensitive_attributes": [],
          "identity_schema_version": 0,
          "private": "bnVsbA==",
          "dependencies": [
            "aws_dynamodb_table.findings",
            "aws_dynamodb_table.scan_history",
            "aws_iam_role.report_generator_role",
            "aws_iam_role.scanner_lambda_role",
            "aws_lambda_function.check_cloudtrail",
            "aws_lambda_function.check_ec2",
            "aws_lambda_function.check_iam",
            "aws_lambda_function.check_s3",
            "aws_lambda_function.check_vpc",
            "aws_lambda_function.orchestrator",
            "aws_lambda_function.report_generator",
            "aws_s3_bucket.reports",
            "aws_sns_topic.alerts",
            "aws_sns_topic.daily_summary",
            "data.archive_file.check_cloudtrail",
            "data.archive_file.check_ec2",
            "data.archive_file.check_iam",
            "data.archive_file.check_s3",
            "data.archive_file.check_vpc",
            "data.archive_file.orchestrator",
            "data.archive_file.report_generator",
            "random_string.suffix"
          ]
        }
      ]
    },
    {
      "mode": "managed",
      "type": "aws_cloudwatch_log_group",
      "name": "report_generator",
      "provider": "provider[\"registry.terraform.io/hashicorp/aws\"]",
      "instances": [
        {
          "schema_version": 0,
          "attributes": {
            "arn": "arn:aws:logs:us-east-1:503561456712:log-group:/aws/lambda/compliance-scanner-report-generator-wo9mv6dx",
            "id": "/aws/lambda/compliance-scanner-report-generator-wo9mv6dx",
            "kms_key_id": "",
            "log_group_class": "STANDARD",
            "name": "/aws/lambda/compliance-scanner-report-generator-wo9mv6dx",
            "name_prefix": "",
            "retention_in_days": 30,
            "skip_destroy": false,
            "tags": null,
            "tags_all": {
              "Environment": "dev",
              "ManagedBy": "Terraform",
              "Project": "CloudGuard"
            }
          },
          "sensitive_attributes": [],
          "identity_schema_version": 0,
          "private": "bnVsbA==",
          "dependencies": [
            "aws_dynamodb_table.findings",
            "aws_iam_role.report_generator_role",
            "aws_lambda_function.report_generator",
            "aws_s3_bucket.reports",
            "aws_sns_topic.alerts",
            "aws_sns_topic.daily_summary",
            "data.archive_file.report_generator",
            "random_string.suffix"
          ]
        }
      ]
    },
    {
      "mode": "managed",
      "type": "aws_dynamodb_table",
      "name": "findings",
      "provider": "provider[\"registry.terraform.io/hashicorp/aws\"]",
      "instances": [
        {
          "schema_version": 1,
          "attributes": {
            "arn": "arn:aws:dynamodb:us-east-1:503561456712:table/compliance-scanner-findings-wo9mv6dx",
            "attribute": [
              {
                "name": "check_type",
                "type": "S"
              },
              {
                "name": "finding_id",
                "type": "S"
              },
              {
                "name": "scan_date",
                "type": "S"
              },
              {
                "name": "severity",
                "type": "S"
              },
              {
                "name": "status",
                "type": "S"
              }
            ],
            "billing_mode": "PAY_PER_REQUEST",
            "deletion_protection_enabled": false,
            "global_secondary_index": [
              {
                "hash_key": "check_type",
                "name": "check_type-index",
                "non_key_attributes": [],
                "on_demand_throughput": [],
                "projection_type": "ALL",
                "range_key": "scan_date",
                "read_capacity": 0,
                "write_capacity": 0
              },
              {
                "hash_key": "severity",
                "name": "severity-index",
                "non_key_attributes": [],
                "on_demand_throughput": [],
                "projection_type": "ALL",
                "range_key": "scan_date",
                "read_capacity": 0,
                "write_capacity": 0
              },
              {
                "hash_key": "status",
                "name": "status-index",
                "non_key_attributes": [],
                "on_demand_throughput": [],
                "projection_type": "ALL",
                "range_key": "scan_date",
                "read_capacity": 0,
                "write_capacity": 0
              }
            ],
            "hash_key": "finding_id",
            "id": "compliance-scanner-findings-wo9mv6dx",
            "import_table": [],
            "local_secondary_index": [],
            "name": "compliance-scanner-findings-wo9mv6dx",
            "on_demand_throughput": [],
            "point_in_time_recovery": [
              {
                "enabled": true,
                "recovery_period_in_days": 35
              }
            ],
            "range_key": null,
            "read_capacity": 0,
            "replica": [],
            "restore_date_time": null,
            "restore_source_name": null,
            "restore_source_table_arn": null,
            "restore_to_latest_time": null,
            "server_side_encryption": [],
            "stream_arn": "",
            "stream_enabled": false,
            "stream_label": "",
            "stream_view_type": "",
            "table_class": "STANDARD",
            "tags": {
              "Name": "compliance-scanner-findings"
            },
            "tags_all": {
              "Environment": "dev",
              "ManagedBy": "Terraform",
              "Name": "compliance-scanner-findings",
              "Project": "CloudGuard"
            },
            "timeouts": null,
            "ttl": [
              {
                "attribute_name": "ttl",
                "enabled": true
              }
            ],
            "write_capacity": 0
          },
          "sensitive_attributes": [],
          "identity_schema_version": 0,
          "private": "eyJlMmJmYjczMC1lY2FhLTExZTYtOGY4OC0zNDM2M2JjN2M0YzAiOnsiY3JlYXRlIjoxODAwMDAwMDAwMDAwLCJkZWxldGUiOjYwMDAwMDAwMDAwMCwidXBkYXRlIjozNjAwMDAwMDAwMDAwfSwic2NoZW1hX3ZlcnNpb24iOiIxIn0=",
          "dependencies": [
            "random_string.suffix"
          ]
        }
      ]
    },
    {
      "mode": "managed",
      "type": "aws_dynamodb_table",
      "name": "scan_history",
      "provider": "provider[\"registry.terraform.io/hashicorp/aws\"]",
      "instances": [
        {
          "schema_version": 1,
          "attributes": {
            "arn": "arn:aws:dynamodb:us-east-1:503561456712:table/compliance-scanner-scan-history-wo9mv6dx",
            "attribute": [
              {
                "name": "scan_date",
                "type": "S"
              },
              {
                "name": "scan_id",
                "type": "S"
              }
            ],
            "billing_mode": "PAY_PER_REQUEST",
            "deletion_protection_enabled": false,
            "global_secondary_index": [
              {
                "hash_key": "scan_date",
                "name": "scan_date-index",
                "non_key_attributes": [],
                "on_demand_throughput": [],
                "projection_type": "ALL",
                "range_key": "",
                "read_capacity": 0,
                "write_capacity": 0
              }
            ],
            "hash_key": "scan_id",
            "id": "compliance-scanner-scan-history-wo9mv6dx",
            "import_table": [],
            "local_secondary_index": [],
            "name": "compliance-scanner-scan-history-wo9mv6dx",
            "on_demand_throughput": [],
            "point_in_time_recovery": [
              {
                "enabled": true,
                "recovery_period_in_days": 35
              }
            ],
            "range_key": null,
            "read_capacity": 0,
            "replica": [],
            "restore_date_time": null,
            "restore_source_name": null,
            "restore_source_table_arn": null,
            "restore_to_latest_time": null,
            "server_side_encryption": [],
            "stream_arn": "",
            "stream_enabled": false,
            "stream_label": "",
            "stream_view_type": "",
            "table_class": "STANDARD",
            "tags": {
              "Name": "compliance-scanner-scan-history"
            },
            "tags_all": {
              "Environment": "dev",
              "ManagedBy": "Terraform",
              "Name": "compliance-scanner-scan-history",
              "Project": "CloudGuard"
            },
            "timeouts": null,
            "ttl": [
              {
                "attribute_name": "ttl",
                "enabled": true
              }
            ],
            "write_capacity": 0
          },
          "sensitive_attributes": [],
          "identity_schema_version": 0,
          "private": "eyJlMmJmYjczMC1lY2FhLTExZTYtOGY4OC0zNDM2M2JjN2M0YzAiOnsiY3JlYXRlIjoxODAwMDAwMDAwMDAwLCJkZWxldGUiOjYwMDAwMDAwMDAwMCwidXBkYXRlIjozNjAwMDAwMDAwMDAwfSwic2NoZW1hX3ZlcnNpb24iOiIxIn0=",
          "dependencies": [
            "random_string.suffix"
          ]
        }
      ]
    },
    {
      "mode": "managed",
      "type": "aws_iam_role",
      "name": "report_generator_role",
      "provider": "provider[\"registry.terraform.io/hashicorp/aws\"]",
      "instances": [
        {
          "schema_version": 0,
          "attributes": {
            "arn": "arn:aws:iam::503561456712:role/compliance-scanner-report-role-wo9mv6dx",
            "assume_role_policy": "{\"Statement\":[{\"Action\":\"sts:AssumeRole\",\"Effect\":\"Allow\",\"Principal\":{\"Service\":\"lambda.amazonaws.com\"}}],\"Version\":\"2012-10-17\"}",
            "create_date": "2026-01-20T21:11:52Z",
            "description": "",
            "force_detach_policies": false,
            "id": "compliance-scanner-report-role-wo9mv6dx",
            "inline_policy": [],
            "managed_policy_arns": [],
            "max_session_duration": 3600,
            "name": "compliance-scanner-report-role-wo9mv6dx",
            "name_prefix": "",
            "path": "/",
            "permissions_boundary": "",
            "tags": null,
            "tags_all": {
              "Environment": "dev",
              "ManagedBy": "Terraform",
              "Project": "CloudGuard"
            },
            "unique_id": "AROAXKPU2BREB52L2KKRQ"
          },
          "sensitive_attributes": [],
          "identity_schema_version": 0,
          "private": "bnVsbA==",
          "dependencies": [
            "random_string.suffix"
          ]
        }
      ]
    },
    {
      "mode": "managed",
      "type": "aws_iam_role",
      "name": "scanner_lambda_role",
      "provider": "provider[\"registry.terraform.io/hashicorp/aws\"]",
      "instances": [
        {
          "schema_version": 0,
          "attributes": {
            "arn": "arn:aws:iam::503561456712:role/compliance-scanner-scanner-role-wo9mv6dx",
            "assume_role_policy": "{\"Statement\":[{\"Action\":\"sts:AssumeRole\",\"Effect\":\"Allow\",\"Principal\":{\"Service\":\"lambda.amazonaws.com\"}}],\"Version\":\"2012-10-17\"}",
            "create_date": "2026-01-20T21:11:52Z",
            "description": "",
            "force_detach_policies": false,
            "id": "compliance-scanner-scanner-role-wo9mv6dx",
            "inline_policy": [],
            "managed_policy_arns": [],
            "max_session_duration": 3600,
            "name": "compliance-scanner-scanner-role-wo9mv6dx",
            "name_prefix": "",
            "path": "/",
            "permissions_boundary": "",
            "tags": null,
            "tags_all": {
              "Environment": "dev",
              "ManagedBy": "Terraform",
              "Project": "CloudGuard"
            },
            "unique_id": "AROAXKPU2BREPQC5Q4KO7"
          },
          "sensitive_attributes": [],
          "identity_schema_version": 0,
          "private": "bnVsbA==",
          "dependencies": [
            "random_string.suffix"
          ]
        }
      ]
    },
    {
      "mode": "managed",
      "type": "aws_iam_role_policy",
      "name": "report_dynamodb",
      "provider": "provider[\"registry.terraform.io/hashicorp/aws\"]",
      "instances": [
        {
          "schema_version": 0,
          "attributes": {
            "id": "compliance-scanner-report-role-wo9mv6dx:compliance-scanner-report-dynamodb",
            "name": "compliance-scanner-report-dynamodb",
            "name_prefix": "",
            "policy": "{\"Version\":\"2012-10-17\",\"Statement\":[{\"Action\":[\"dynamodb:GetItem\",\"dynamodb:Query\",\"dynamodb:Scan\"],\"Effect\":\"Allow\",\"Resource\":[\"arn:aws:dynamodb:us-east-1:503561456712:table/compliance-scanner-findings-wo9mv6dx\",\"arn:aws:dynamodb:us-east-1:503561456712:table/compliance-scanner-scan-history-wo9mv6dx\"]}]}",
            "role": "compliance-scanner-report-role-wo9mv6dx"
          },
          "sensitive_attributes": [],
          "identity_schema_version": 0,
          "private": "bnVsbA==",
          "dependencies": [
            "aws_dynamodb_table.findings",
            "aws_dynamodb_table.scan_history",
            "aws_iam_role.report_generator_role",
            "random_string.suffix"
          ]
        }
      ]
    },
    {
      "mode": "managed",
      "type": "aws_iam_role_policy",
      "name": "report_logs",
      "provider": "provider[\"registry.terraform.io/hashicorp/aws\"]",
      "instances": [
        {
          "schema_version": 0,
          "attributes": {
            "id": "compliance-scanner-report-role-wo9mv6dx:compliance-scanner-report-logs",
            "name": "compliance-scanner-report-logs",
            "name_prefix": "",
            "policy": "{\"Version\":\"2012-10-17\",\"Statement\":[{\"Action\":[\"logs:CreateLogGroup\",\"logs:CreateLogStream\",\"logs:PutLogEvents\"],\"Effect\":\"Allow\",\"Resource\":\"arn:aws:logs:us-east-1:503561456712:log-group:/aws/lambda/compliance-scanner-*\"}]}",
            "role": "compliance-scanner-report-role-wo9mv6dx"
          },
          "sensitive_attributes": [],
          "identity_schema_version": 0,
          "private": "bnVsbA==",
          "dependencies": [
            "aws_iam_role.report_generator_role",
            "data.aws_caller_identity.current",
            "data.aws_region.current",
            "random_string.suffix"
          ]
        }
      ]
    },
    {
      "mode": "managed",
      "type": "aws_iam_role_policy",
      "name": "report_s3_write",
      "provider": "provider[\"registry.terraform.io/hashicorp/aws\"]",
      "instances": [
        {
          "schema_version": 0,
          "attributes": {
            "id": "compliance-scanner-report-role-wo9mv6dx:compliance-scanner-report-s3-write",
            "name": "compliance-scanner-report-s3-write",
            "name_prefix": "",
            "policy": "{\"Version\":\"2012-10-17\",\"Statement\":[{\"Action\":[\"s3:PutObject\",\"s3:GetObject\"],\"Effect\":\"Allow\",\"Resource\":\"arn:aws:s3:::compliance-scanner-reports-wo9mv6dx/*\"}]}",
            "role": "compliance-scanner-report-role-wo9mv6dx"
          },
          "sensitive_attributes": [],
          "identity_schema_version": 0,
          "private": "bnVsbA==",
          "dependencies": [
            "aws_iam_role.report_generator_role",
            "aws_s3_bucket.reports",
            "random_string.suffix"
          ]
        }
      ]
    },
    {
      "mode": "managed",
      "type": "aws_iam_role_policy",
      "name": "report_sns",
      "provider": "provider[\"registry.terraform.io/hashicorp/aws\"]",
      "instances": [
        {
          "schema_version": 0,
          "attributes": {
            "id": "compliance-scanner-report-role-wo9mv6dx:compliance-scanner-report-sns",
            "name": "compliance-scanner-report-sns",
            "name_prefix": "",
            "policy": "{\"Version\":\"2012-10-17\",\"Statement\":[{\"Action\":[\"sns:Publish\"],\"Effect\":\"Allow\",\"Resource\":\"arn:aws:sns:us-east-1:503561456712:compliance-scanner-alerts-wo9mv6dx\"}]}",
            "role": "compliance-scanner-report-role-wo9mv6dx"
          },
          "sensitive_attributes": [],
          "identity_schema_version": 0,
          "private": "bnVsbA==",
          "dependencies": [
            "aws_iam_role.report_generator_role",
            "aws_sns_topic.alerts",
            "random_string.suffix"
          ]
        }
      ]
    },
    {
      "mode": "managed",
      "type": "aws_iam_role_policy",
      "name": "scanner_cloudtrail_read",
      "provider": "provider[\"registry.terraform.io/hashicorp/aws\"]",
      "instances": [
        {
          "schema_version": 0,
          "attributes": {
            "id": "compliance-scanner-scanner-role-wo9mv6dx:compliance-scanner-scanner-cloudtrail-read",
            "name": "compliance-scanner-scanner-cloudtrail-read",
            "name_prefix": "",
            "policy": "{\"Version\":\"2012-10-17\",\"Statement\":[{\"Action\":[\"cloudtrail:DescribeTrails\",\"cloudtrail:GetTrailStatus\",\"cloudtrail:GetEventSelectors\"],\"Effect\":\"Allow\",\"Resource\":\"*\"}]}",
            "role": "compliance-scanner-scanner-role-wo9mv6dx"
          },
          "sensitive_attributes": [],
          "identity_schema_version": 0,
          "private": "bnVsbA==",
          "dependencies": [
            "aws_iam_role.scanner_lambda_role",
            "random_string.suffix"
          ]
        }
      ]
    },
    {
      "mode": "managed",
      "type": "aws_iam_role_policy",
      "name": "scanner_dynamodb",
      "provider": "provider[\"registry.terraform.io/hashicorp/aws\"]",
      "instances": [
        {
          "schema_version": 0,
          "attributes": {
            "id": "compliance-scanner-scanner-role-wo9mv6dx:compliance-scanner-scanner-dynamodb",
            "name": "compliance-scanner-scanner-dynamodb",
            "name_prefix": "",
            "policy": "{\"Version\":\"2012-10-17\",\"Statement\":[{\"Action\":[\"dynamodb:PutItem\",\"dynamodb:GetItem\",\"dynamodb:UpdateItem\",\"dynamodb:Query\",\"dynamodb:Scan\"],\"Effect\":\"Allow\",\"Resource\":[\"arn:aws:dynamodb:us-east-1:503561456712:table/compliance-scanner-findings-wo9mv6dx\",\"arn:aws:dynamodb:us-east-1:503561456712:table/compliance-scanner-scan-history-wo9mv6dx\"]}]}",
            "role": "compliance-scanner-scanner-role-wo9mv6dx"
          },
          "sensitive_attributes": [],
          "identity_schema_version": 0,
          "private": "bnVsbA==",
          "dependencies": [
            "aws_dynamodb_table.findings",
            "aws_dynamodb_table.scan_history",
            "aws_iam_role.scanner_lambda_role",
            "random_string.suffix"
          ]
        }
      ]
    },
    {
      "mode": "managed",
      "type": "aws_iam_role_policy",
      "name": "scanner_ec2_read",
      "provider": "provider[\"registry.terraform.io/hashicorp/aws\"]",
      "instances": [
        {
          "schema_version": 0,
          "attributes": {
            "id": "compliance-scanner-scanner-role-wo9mv6dx:compliance-scanner-scanner-ec2-read",
            "name": "compliance-scanner-scanner-ec2-read",
            "name_prefix": "",
            "policy": "{\"Version\":\"2012-10-17\",\"Statement\":[{\"Action\":[\"ec2:DescribeInstances\",\"ec2:DescribeSecurityGroups\",\"ec2:DescribeVolumes\",\"ec2:DescribeImages\",\"ec2:DescribeVpcs\",\"ec2:DescribeSubnets\",\"ec2:DescribeRouteTables\",\"ec2:DescribeFlowLogs\",\"ec2:DescribeNetworkAcls\",\"ec2:DescribeVpcPeeringConnections\"],\"Effect\":\"Allow\",\"Resource\":\"*\"}]}",
            "role": "compliance-scanner-scanner-role-wo9mv6dx"
          },
          "sensitive_attributes": [],
          "identity_schema_version": 0,
          "private": "bnVsbA==",
          "dependencies": [
            "aws_iam_role.scanner_lambda_role",
            "random_string.suffix"
          ]
        }
      ]
    },
    {
      "mode": "managed",
      "type": "aws_iam_role_policy",
      "name": "scanner_iam_read",
      "provider": "provider[\"registry.terraform.io/hashicorp/aws\"]",
      "instances": [
        {
          "schema_version": 0,
          "attributes": {
            "id": "compliance-scanner-scanner-role-wo9mv6dx:compliance-scanner-scanner-iam-read",
            "name": "compliance-scanner-scanner-iam-read",
            "name_prefix": "",
            "policy": "{\"Version\":\"2012-10-17\",\"Statement\":[{\"Action\":[\"iam:GetAccountPasswordPolicy\",\"iam:GetAccountSummary\",\"iam:ListUsers\",\"iam:ListAccessKeys\",\"iam:GetAccessKeyLastUsed\",\"iam:ListUserPolicies\",\"iam:ListAttachedUserPolicies\",\"iam:ListMFADevices\",\"iam:ListPolicies\",\"iam:GetPolicy\",\"iam:GetPolicyVersion\",\"iam:ListRoles\",\"iam:GetRole\",\"iam:ListRolePolicies\",\"iam:ListAttachedRolePolicies\",\"iam:GetCredentialReport\",\"iam:GenerateCredentialReport\"],\"Effect\":\"Allow\",\"Resource\":\"*\"}]}",
            "role": "compliance-scanner-scanner-role-wo9mv6dx"
          },
          "sensitive_attributes": [],
          "identity_schema_version": 0,
          "private": "bnVsbA==",
          "dependencies": [
            "aws_iam_role.scanner_lambda_role",
            "random_string.suffix"
          ]
        }
      ]
    },
    {
      "mode": "managed",
      "type": "aws_iam_role_policy",
      "name": "scanner_lambda_invoke",
      "provider": "provider[\"registry.terraform.io/hashicorp/aws\"]",
      "instances": [
        {
          "schema_version": 0,
          "attributes": {
            "id": "compliance-scanner-scanner-role-wo9mv6dx:compliance-scanner-scanner-invoke",
            "name": "compliance-scanner-scanner-invoke",
            "name_prefix": "",
            "policy": "{\"Version\":\"2012-10-17\",\"Statement\":[{\"Action\":[\"lambda:InvokeFunction\"],\"Effect\":\"Allow\",\"Resource\":\"arn:aws:lambda:us-east-1:503561456712:function:compliance-scanner-*\"}]}",
            "role": "compliance-scanner-scanner-role-wo9mv6dx"
          },
          "sensitive_attributes": [],
          "identity_schema_version": 0,
          "private": "bnVsbA==",
          "dependencies": [
            "aws_iam_role.scanner_lambda_role",
            "data.aws_caller_identity.current",
            "data.aws_region.current",
            "random_string.suffix"
          ]
        }
      ]
    },
    {
      "mode": "managed",
      "type": "aws_iam_role_policy",
      "name": "scanner_logs",
      "provider": "provider[\"registry.terraform.io/hashicorp/aws\"]",
      "instances": [
        {
          "schema_version": 0,
          "attributes": {
            "id": "compliance-scanner-scanner-role-wo9mv6dx:compliance-scanner-scanner-logs",
            "name": "compliance-scanner-scanner-logs",
            "name_prefix": "",
            "policy": "{\"Version\":\"2012-10-17\",\"Statement\":[{\"Action\":[\"logs:CreateLogGroup\",\"logs:CreateLogStream\",\"logs:PutLogEvents\"],\"Effect\":\"Allow\",\"Resource\":\"arn:aws:logs:us-east-1:503561456712:log-group:/aws/lambda/compliance-scanner-*\"}]}",
            "role": "compliance-scanner-scanner-role-wo9mv6dx"
          },
          "sensitive_attributes": [],
          "identity_schema_version": 0,
          "private": "bnVsbA==",
          "dependencies": [
            "aws_iam_role.scanner_lambda_role",
            "data.aws_caller_identity.current",
            "data.aws_region.current",
            "random_string.suffix"
          ]
        }
      ]
    },
    {
      "mode": "managed",
      "type": "aws_iam_role_policy",
      "name": "scanner_s3_read",
      "provider": "provider[\"registry.terraform.io/hashicorp/aws\"]",
      "instances": [
        {
          "schema_version": 0,
          "attributes": {
            "id": "compliance-scanner-scanner-role-wo9mv6dx:compliance-scanner-scanner-s3-read",
            "name": "compliance-scanner-scanner-s3-read",
            "name_prefix": "",
            "policy": "{\"Version\":\"2012-10-17\",\"Statement\":[{\"Action\":[\"s3:ListAllMyBuckets\",\"s3:GetBucketLocation\",\"s3:GetBucketPolicy\",\"s3:GetBucketPolicyStatus\",\"s3:GetBucketPublicAccessBlock\",\"s3:GetBucketVersioning\",\"s3:GetBucketLogging\",\"s3:GetBucketEncryption\",\"s3:GetBucketAcl\",\"s3:GetAccountPublicAccessBlock\"],\"Effect\":\"Allow\",\"Resource\":\"*\"}]}",
            "role": "compliance-scanner-scanner-role-wo9mv6dx"
          },
          "sensitive_attributes": [],
          "identity_schema_version": 0,
          "private": "bnVsbA==",
          "dependencies": [
            "aws_iam_role.scanner_lambda_role",
            "random_string.suffix"
          ]
        }
      ]
    },
    {
      "mode": "managed",
      "type": "aws_lambda_function",
      "name": "check_cloudtrail",
      "provider": "provider[\"registry.terraform.io/hashicorp/aws\"]",
      "instances": [
        {
          "schema_version": 0,
          "attributes": {
            "architectures": [
              "x86_64"
            ],
            "arn": "arn:aws:lambda:us-east-1:503561456712:function:compliance-scanner-check-cloudtrail-wo9mv6dx",
            "code_sha256": "GJBVgWRUgKFsTumYmYTOUgI4MKMSBKeUzXrdlOeLGos=",
            "code_signing_config_arn": "",
            "dead_letter_config": [],
            "description": "Scans CloudTrail configuration for compliance",
            "environment": [
              {
                "variables": {
                  "FINDINGS_TABLE": "compliance-scanner-findings-wo9mv6dx"
                }
              }
            ],
            "ephemeral_storage": [
              {
                "size": 512
              }
            ],
            "file_system_config": [],
            "filename": "./.terraform/tmp/check_cloudtrail.zip",
            "function_name": "compliance-scanner-check-cloudtrail-wo9mv6dx",
            "handler": "lambda_function.lambda_handler",
            "id": "compliance-scanner-check-cloudtrail-wo9mv6dx",
            "image_config": [],
            "image_uri": "",
            "invoke_arn": "arn:aws:apigateway:us-east-1:lambda:path/2015-03-31/functions/arn:aws:lambda:us-east-1:503561456712:function:compliance-scanner-check-cloudtrail-wo9mv6dx/invocations",
            "kms_key_arn": "",
            "last_modified": "2026-01-20T21:12:41.328+0000",
            "layers": null,
            "logging_config": [
              {
                "application_log_level": "",
                "log_format": "Text",
                "log_group": "/aws/lambda/compliance-scanner-check-cloudtrail-wo9mv6dx",
                "system_log_level": ""
              }
            ],
            "memory_size": 512,
            "package_type": "Zip",
            "publish": false,
            "qualified_arn": "arn:aws:lambda:us-east-1:503561456712:function:compliance-scanner-check-cloudtrail-wo9mv6dx:$LATEST",
            "qualified_invoke_arn": "arn:aws:apigateway:us-east-1:lambda:path/2015-03-31/functions/arn:aws:lambda:us-east-1:503561456712:function:compliance-scanner-check-cloudtrail-wo9mv6dx:$LATEST/invocations",
            "replace_security_groups_on_destroy": null,
            "replacement_security_group_ids": null,
            "reserved_concurrent_executions": -1,
            "role": "arn:aws:iam::503561456712:role/compliance-scanner-scanner-role-wo9mv6dx",
            "runtime": "python3.12",
            "s3_bucket": null,
            "s3_key": null,
            "s3_object_version": null,
            "signing_job_arn": "",
            "signing_profile_version_arn": "",
            "skip_destroy": false,
            "snap_start": [],
            "source_code_hash": "GJBVgWRUgKFsTumYmYTOUgI4MKMSBKeUzXrdlOeLGos=",
            "source_code_size": 2385,
            "tags": {
              "Name": "compliance-scanner-check-cloudtrail"
            },
            "tags_all": {
              "Environment": "dev",
              "ManagedBy": "Terraform",
              "Name": "compliance-scanner-check-cloudtrail",
              "Project": "CloudGuard"
            },
            "timeout": 600,
            "timeouts": null,
            "tracing_config": [
              {
                "mode": "PassThrough"
              }
            ],
            "version": "$LATEST",
            "vpc_config": []
          },
          "sensitive_attributes": [],
          "identity_schema_version": 0,
          "private": "eyJlMmJmYjczMC1lY2FhLTExZTYtOGY4OC0zNDM2M2JjN2M0YzAiOnsiY3JlYXRlIjo2MDAwMDAwMDAwMDAsImRlbGV0ZSI6NjAwMDAwMDAwMDAwLCJ1cGRhdGUiOjYwMDAwMDAwMDAwMH19",
          "dependencies": [
            "aws_dynamodb_table.findings",
            "aws_iam_role.scanner_lambda_role",
            "data.archive_file.check_cloudtrail",
            "random_string.suffix"
          ]
        }
      ]
    },
    {
      "mode": "managed",
      "type": "aws_lambda_function",
      "name": "check_ec2",
      "provider": "provider[\"registry.terraform.io/hashicorp/aws\"]",
      "instances": [
        {
          "schema_version": 0,
          "attributes": {
            "architectures": [
              "x86_64"
            ],
            "arn": "arn:aws:lambda:us-east-1:503561456712:function:compliance-scanner-check-ec2-wo9mv6dx",
            "code_sha256": "Vcf+m3Pq/EH4+ONF0pzCfe7YHAxZ6TZbBmK6ZiwuzQg=",
            "code_signing_config_arn": "",
            "dead_letter_config": [],
            "description": "Scans EC2 instances and security groups for compliance",
            "environment": [
              {
                "variables": {
                  "FINDINGS_TABLE": "compliance-scanner-findings-wo9mv6dx"
                }
              }
            ],
            "ephemeral_storage": [
              {
                "size": 512
              }
            ],
            "file_system_config": [],
            "filename": "./.terraform/tmp/check_ec2.zip",
            "function_name": "compliance-scanner-check-ec2-wo9mv6dx",
            "handler": "lambda_function.lambda_handler",
            "id": "compliance-scanner-check-ec2-wo9mv6dx",
            "image_config": [],
            "image_uri": "",
            "invoke_arn": "arn:aws:apigateway:us-east-1:lambda:path/2015-03-31/functions/arn:aws:lambda:us-east-1:503561456712:function:compliance-scanner-check-ec2-wo9mv6dx/invocations",
            "kms_key_arn": "",
            "last_modified": "2026-01-20T21:12:35.390+0000",
            "layers": null,
            "logging_config": [
              {
                "application_log_level": "",
                "log_format": "Text",
                "log_group": "/aws/lambda/compliance-scanner-check-ec2-wo9mv6dx",
                "system_log_level": ""
              }
            ],
            "memory_size": 512,
            "package_type": "Zip",
            "publish": false,
            "qualified_arn": "arn:aws:lambda:us-east-1:503561456712:function:compliance-scanner-check-ec2-wo9mv6dx:$LATEST",
            "qualified_invoke_arn": "arn:aws:apigateway:us-east-1:lambda:path/2015-03-31/functions/arn:aws:lambda:us-east-1:503561456712:function:compliance-scanner-check-ec2-wo9mv6dx:$LATEST/invocations",
            "replace_security_groups_on_destroy": null,
            "replacement_security_group_ids": null,
            "reserved_concurrent_executions": -1,
            "role": "arn:aws:iam::503561456712:role/compliance-scanner-scanner-role-wo9mv6dx",
            "runtime": "python3.12",
            "s3_bucket": null,
            "s3_key": null,
            "s3_object_version": null,
            "signing_job_arn": "",
            "signing_profile_version_arn": "",
            "skip_destroy": false,
            "snap_start": [],
            "source_code_hash": "Vcf+m3Pq/EH4+ONF0pzCfe7YHAxZ6TZbBmK6ZiwuzQg=",
            "source_code_size": 3606,
            "tags": {
              "Name": "compliance-scanner-check-ec2"
            },
            "tags_all": {
              "Environment": "dev",
              "ManagedBy": "Terraform",
              "Name": "compliance-scanner-check-ec2",
              "Project": "CloudGuard"
            },
            "timeout": 600,
            "timeouts": null,
            "tracing_config": [
              {
                "mode": "PassThrough"
              }
            ],
            "version": "$LATEST",
            "vpc_config": []
          },
          "sensitive_attributes": [],
          "identity_schema_version": 0,
          "private": "eyJlMmJmYjczMC1lY2FhLTExZTYtOGY4OC0zNDM2M2JjN2M0YzAiOnsiY3JlYXRlIjo2MDAwMDAwMDAwMDAsImRlbGV0ZSI6NjAwMDAwMDAwMDAwLCJ1cGRhdGUiOjYwMDAwMDAwMDAwMH19",
          "dependencies": [
            "aws_dynamodb_table.findings",
            "aws_iam_role.scanner_lambda_role",
            "data.archive_file.check_ec2",
            "random_string.suffix"
          ]
        }
      ]
    },
    {
      "mode": "managed",
      "type": "aws_lambda_function",
      "name": "check_iam",
      "provider": "provider[\"registry.terraform.io/hashicorp/aws\"]",
      "instances": [
        {
          "schema_version": 0,
          "attributes": {
            "architectures": [
              "x86_64"
            ],
            "arn": "arn:aws:lambda:us-east-1:503561456712:function:compliance-scanner-check-iam-wo9mv6dx",
            "code_sha256": "TdZif/NBnGD8ULEbfi+7RTNpXC2Ekc3Q7xOIErtrEF0=",
            "code_signing_config_arn": "",
            "dead_letter_config": [],
            "description": "Scans IAM configuration for security compliance",
            "environment": [
              {
                "variables": {
                  "FINDINGS_TABLE": "compliance-scanner-findings-wo9mv6dx"
                }
              }
            ],
            "ephemeral_storage": [
              {
                "size": 512
              }
            ],
            "file_system_config": [],
            "filename": "./.terraform/tmp/check_iam.zip",
            "function_name": "compliance-scanner-check-iam-wo9mv6dx",
            "handler": "lambda_function.lambda_handler",
            "id": "compliance-scanner-check-iam-wo9mv6dx",
            "image_config": [],
            "image_uri": "",
            "invoke_arn": "arn:aws:apigateway:us-east-1:lambda:path/2015-03-31/functions/arn:aws:lambda:us-east-1:503561456712:function:compliance-scanner-check-iam-wo9mv6dx/invocations",
            "kms_key_arn": "",
            "last_modified": "2026-01-20T21:12:17.142+0000",
            "layers": null,
            "logging_config": [
              {
                "application_log_level": "",
                "log_format": "Text",
                "log_group": "/aws/lambda/compliance-scanner-check-iam-wo9mv6dx",
                "system_log_level": ""
              }
            ],
            "memory_size": 512,
            "package_type": "Zip",
            "publish": false,
            "qualified_arn": "arn:aws:lambda:us-east-1:503561456712:function:compliance-scanner-check-iam-wo9mv6dx:$LATEST",
            "qualified_invoke_arn": "arn:aws:apigateway:us-east-1:lambda:path/2015-03-31/functions/arn:aws:lambda:us-east-1:503561456712:function:compliance-scanner-check-iam-wo9mv6dx:$LATEST/invocations",
            "replace_security_groups_on_destroy": null,
            "replacement_security_group_ids": null,
            "reserved_concurrent_executions": -1,
            "role": "arn:aws:iam::503561456712:role/compliance-scanner-scanner-role-wo9mv6dx",
            "runtime": "python3.12",
            "s3_bucket": null,
            "s3_key": null,
            "s3_object_version": null,
            "signing_job_arn": "",
            "signing_profile_version_arn": "",
            "skip_destroy": false,
            "snap_start": [],
            "source_code_hash": "TdZif/NBnGD8ULEbfi+7RTNpXC2Ekc3Q7xOIErtrEF0=",
            "source_code_size": 3879,
            "tags": {
              "Name": "compliance-scanner-check-iam"
            },
            "tags_all": {
              "Environment": "dev",
              "ManagedBy": "Terraform",
              "Name": "compliance-scanner-check-iam",
              "Project": "CloudGuard"
            },
            "timeout": 600,
            "timeouts": null,
            "tracing_config": [
              {
                "mode": "PassThrough"
              }
            ],
            "version": "$LATEST",
            "vpc_config": []
          },
          "sensitive_attributes": [],
          "identity_schema_version": 0,
          "private": "eyJlMmJmYjczMC1lY2FhLTExZTYtOGY4OC0zNDM2M2JjN2M0YzAiOnsiY3JlYXRlIjo2MDAwMDAwMDAwMDAsImRlbGV0ZSI6NjAwMDAwMDAwMDAwLCJ1cGRhdGUiOjYwMDAwMDAwMDAwMH19",
          "dependencies": [
            "aws_dynamodb_table.findings",
            "aws_iam_role.scanner_lambda_role",
            "data.archive_file.check_iam",
            "random_string.suffix"
          ]
        }
      ]
    },
    {
      "mode": "managed",
      "type": "aws_lambda_function",
      "name": "check_s3",
      "provider": "provider[\"registry.terraform.io/hashicorp/aws\"]",
      "instances": [
        {
          "schema_version": 0,
          "attributes": {
            "architectures": [
              "x86_64"
            ],
            "arn": "arn:aws:lambda:us-east-1:503561456712:function:compliance-scanner-check-s3-wo9mv6dx",
            "code_sha256": "HuNN0xu5ikS90ZWNf0oO+xGClXpC5RdenQCOFMs5Zew=",
            "code_signing_config_arn": "",
            "dead_letter_config": [],
            "description": "Scans S3 buckets for security compliance",
            "environment": [
              {
                "variables": {
                  "FINDINGS_TABLE": "compliance-scanner-findings-wo9mv6dx"
                }
              }
            ],
            "ephemeral_storage": [
              {
                "size": 512
              }
            ],
            "file_system_config": [],
            "filename": "./.terraform/tmp/check_s3.zip",
            "function_name": "compliance-scanner-check-s3-wo9mv6dx",
            "handler": "lambda_function.lambda_handler",
            "id": "compliance-scanner-check-s3-wo9mv6dx",
            "image_config": [],
            "image_uri": "",
            "invoke_arn": "arn:aws:apigateway:us-east-1:lambda:path/2015-03-31/functions/arn:aws:lambda:us-east-1:503561456712:function:compliance-scanner-check-s3-wo9mv6dx/invocations",
            "kms_key_arn": "",
            "last_modified": "2026-01-20T21:12:29.322+0000",
            "layers": null,
            "logging_config": [
              {
                "application_log_level": "",
                "log_format": "Text",
                "log_group": "/aws/lambda/compliance-scanner-check-s3-wo9mv6dx",
                "system_log_level": ""
              }
            ],
            "memory_size": 512,
            "package_type": "Zip",
            "publish": false,
            "qualified_arn": "arn:aws:lambda:us-east-1:503561456712:function:compliance-scanner-check-s3-wo9mv6dx:$LATEST",
            "qualified_invoke_arn": "arn:aws:apigateway:us-east-1:lambda:path/2015-03-31/functions/arn:aws:lambda:us-east-1:503561456712:function:compliance-scanner-check-s3-wo9mv6dx:$LATEST/invocations",
            "replace_security_groups_on_destroy": null,
            "replacement_security_group_ids": null,
            "reserved_concurrent_executions": -1,
            "role": "arn:aws:iam::503561456712:role/compliance-scanner-scanner-role-wo9mv6dx",
            "runtime": "python3.12",
            "s3_bucket": null,
            "s3_key": null,
            "s3_object_version": null,
            "signing_job_arn": "",
            "signing_profile_version_arn": "",
            "skip_destroy": false,
            "snap_start": [],
            "source_code_hash": "HuNN0xu5ikS90ZWNf0oO+xGClXpC5RdenQCOFMs5Zew=",
            "source_code_size": 2396,
            "tags": {
              "Name": "compliance-scanner-check-s3"
            },
            "tags_all": {
              "Environment": "dev",
              "ManagedBy": "Terraform",
              "Name": "compliance-scanner-check-s3",
              "Project": "CloudGuard"
            },
            "timeout": 600,
            "timeouts": null,
            "tracing_config": [
              {
                "mode": "PassThrough"
              }
            ],
            "version": "$LATEST",
            "vpc_config": []
          },
          "sensitive_attributes": [],
          "identity_schema_version": 0,
          "private": "eyJlMmJmYjczMC1lY2FhLTExZTYtOGY4OC0zNDM2M2JjN2M0YzAiOnsiY3JlYXRlIjo2MDAwMDAwMDAwMDAsImRlbGV0ZSI6NjAwMDAwMDAwMDAwLCJ1cGRhdGUiOjYwMDAwMDAwMDAwMH19",
          "dependencies": [
            "aws_dynamodb_table.findings",
            "aws_iam_role.scanner_lambda_role",
            "data.archive_file.check_s3",
            "random_string.suffix"
          ]
        }
      ]
    },
    {
      "mode": "managed",
      "type": "aws_lambda_function",
      "name": "check_vpc",
      "provider": "provider[\"registry.terraform.io/hashicorp/aws\"]",
      "instances": [
        {
          "schema_version": 0,
          "attributes": {
            "architectures": [
              "x86_64"
            ],
            "arn": "arn:aws:lambda:us-east-1:503561456712:function:compliance-scanner-check-vpc-wo9mv6dx",
            "code_sha256": "kcO6vTrAc4KlKi/mVEw+X9CkCyI3BmbrLgqOtJ5KVl8=",
            "code_signing_config_arn": "",
            "dead_letter_config": [],
            "description": "Scans VPC configuration for security compliance",
            "environment": [
              {
                "variables": {
                  "FINDINGS_TABLE": "compliance-scanner-findings-wo9mv6dx"
                }
              }
            ],
            "ephemeral_storage": [
              {
                "size": 512
              }
            ],
            "file_system_config": [],
            "filename": "./.terraform/tmp/check_vpc.zip",
            "function_name": "compliance-scanner-check-vpc-wo9mv6dx",
            "handler": "lambda_function.lambda_handler",
            "id": "compliance-scanner-check-vpc-wo9mv6dx",
            "image_config": [],
            "image_uri": "",
            "invoke_arn": "arn:aws:apigateway:us-east-1:lambda:path/2015-03-31/functions/arn:aws:lambda:us-east-1:503561456712:function:compliance-scanner-check-vpc-wo9mv6dx/invocations",
            "kms_key_arn": "",
            "last_modified": "2026-01-20T21:12:47.345+0000",
            "layers": null,
            "logging_config": [
              {
                "application_log_level": "",
                "log_format": "Text",
                "log_group": "/aws/lambda/compliance-scanner-check-vpc-wo9mv6dx",
                "system_log_level": ""
              }
            ],
            "memory_size": 512,
            "package_type": "Zip",
            "publish": false,
            "qualified_arn": "arn:aws:lambda:us-east-1:503561456712:function:compliance-scanner-check-vpc-wo9mv6dx:$LATEST",
            "qualified_invoke_arn": "arn:aws:apigateway:us-east-1:lambda:path/2015-03-31/functions/arn:aws:lambda:us-east-1:503561456712:function:compliance-scanner-check-vpc-wo9mv6dx:$LATEST/invocations",
            "replace_security_groups_on_destroy": null,
            "replacement_security_group_ids": null,
            "reserved_concurrent_executions": -1,
            "role": "arn:aws:iam::503561456712:role/compliance-scanner-scanner-role-wo9mv6dx",
            "runtime": "python3.12",
            "s3_bucket": null,
            "s3_key": null,
            "s3_object_version": null,
            "signing_job_arn": "",
            "signing_profile_version_arn": "",
            "skip_destroy": false,
            "snap_start": [],
            "source_code_hash": "kcO6vTrAc4KlKi/mVEw+X9CkCyI3BmbrLgqOtJ5KVl8=",
            "source_code_size": 2892,
            "tags": {
              "Name": "compliance-scanner-check-vpc"
            },
            "tags_all": {
              "Environment": "dev",
              "ManagedBy": "Terraform",
              "Name": "compliance-scanner-check-vpc",
              "Project": "CloudGuard"
            },
            "timeout": 600,
            "timeouts": null,
            "tracing_config": [
              {
                "mode": "PassThrough"
              }
            ],
            "version": "$LATEST",
            "vpc_config": []
          },
          "sensitive_attributes": [],
          "identity_schema_version": 0,
          "private": "eyJlMmJmYjczMC1lY2FhLTExZTYtOGY4OC0zNDM2M2JjN2M0YzAiOnsiY3JlYXRlIjo2MDAwMDAwMDAwMDAsImRlbGV0ZSI6NjAwMDAwMDAwMDAwLCJ1cGRhdGUiOjYwMDAwMDAwMDAwMH19",
          "dependencies": [
            "aws_dynamodb_table.findings",
            "aws_iam_role.scanner_lambda_role",
            "data.archive_file.check_vpc",
            "random_string.suffix"
          ]
        }
      ]
    },
    {
      "mode": "managed",
      "type": "aws_lambda_function",
      "name": "orchestrator",
      "provider": "provider[\"registry.terraform.io/hashicorp/aws\"]",
      "instances": [
        {
          "schema_version": 0,
          "attributes": {
            "architectures": [
              "x86_64"
            ],
            "arn": "arn:aws:lambda:us-east-1:503561456712:function:compliance-scanner-orchestrator-wo9mv6dx",
            "code_sha256": "GXYl5BcWhirr2iIAJRV/yrtP1wT+8t5gCir0DMTT8Qg=",
            "code_signing_config_arn": "",
            "dead_letter_config": [],
            "description": "Orchestrates security compliance scans",
            "environment": [
              {
                "variables": {
                  "CHECK_CLOUDTRAIL_FUNCTION": "compliance-scanner-check-cloudtrail-wo9mv6dx",
                  "CHECK_EC2_FUNCTION": "compliance-scanner-check-ec2-wo9mv6dx",
                  "CHECK_IAM_FUNCTION": "compliance-scanner-check-iam-wo9mv6dx",
                  "CHECK_S3_FUNCTION": "compliance-scanner-check-s3-wo9mv6dx",
                  "CHECK_VPC_FUNCTION": "compliance-scanner-check-vpc-wo9mv6dx",
                  "FINDINGS_TABLE": "compliance-scanner-findings-wo9mv6dx",
                  "REPORT_FUNCTION": "compliance-scanner-report-generator-wo9mv6dx",
                  "SCAN_HISTORY_TABLE": "compliance-scanner-scan-history-wo9mv6dx"
                }
              }
            ],
            "ephemeral_storage": [
              {
                "size": 512
              }
            ],
            "file_system_config": [],
            "filename": "./.terraform/tmp/orchestrator.zip",
            "function_name": "compliance-scanner-orchestrator-wo9mv6dx",
            "handler": "lambda_function.lambda_handler",
            "id": "compliance-scanner-orchestrator-wo9mv6dx",
            "image_config": [],
            "image_uri": "",
            "invoke_arn": "arn:aws:apigateway:us-east-1:lambda:path/2015-03-31/functions/arn:aws:lambda:us-east-1:503561456712:function:compliance-scanner-orchestrator-wo9mv6dx/invocations",
            "kms_key_arn": "",
            "last_modified": "2026-01-20T21:12:53.397+0000",
            "layers": null,
            "logging_config": [
              {
                "application_log_level": "",
                "log_format": "Text",
                "log_group": "/aws/lambda/compliance-scanner-orchestrator-wo9mv6dx",
                "system_log_level": ""
              }
            ],
            "memory_size": 256,
            "package_type": "Zip",
            "publish": false,
            "qualified_arn": "arn:aws:lambda:us-east-1:503561456712:function:compliance-scanner-orchestrator-wo9mv6dx:$LATEST",
            "qualified_invoke_arn": "arn:aws:apigateway:us-east-1:lambda:path/2015-03-31/functions/arn:aws:lambda:us-east-1:503561456712:function:compliance-scanner-orchestrator-wo9mv6dx:$LATEST/invocations",
            "replace_security_groups_on_destroy": null,
            "replacement_security_group_ids": null,
            "reserved_concurrent_executions": -1,
            "role": "arn:aws:iam::503561456712:role/compliance-scanner-scanner-role-wo9mv6dx",
            "runtime": "python3.12",
            "s3_bucket": null,
            "s3_key": null,
            "s3_object_version": null,
            "signing_job_arn": "",
            "signing_profile_version_arn": "",
            "skip_destroy": false,
            "snap_start": [],
            "source_code_hash": "GXYl5BcWhirr2iIAJRV/yrtP1wT+8t5gCir0DMTT8Qg=",
            "source_code_size": 1458,
            "tags": {
              "Name": "compliance-scanner-orchestrator"
            },
            "tags_all": {
              "Environment": "dev",
              "ManagedBy": "Terraform",
              "Name": "compliance-scanner-orchestrator",
              "Project": "CloudGuard"
            },
            "timeout": 300,
            "timeouts": null,
            "tracing_config": [
              {
                "mode": "PassThrough"
              }
            ],
            "version": "$LATEST",
            "vpc_config": []
          },
          "sensitive_attributes": [],
          "identity_schema_version": 0,
          "private": "eyJlMmJmYjczMC1lY2FhLTExZTYtOGY4OC0zNDM2M2JjN2M0YzAiOnsiY3JlYXRlIjo2MDAwMDAwMDAwMDAsImRlbGV0ZSI6NjAwMDAwMDAwMDAwLCJ1cGRhdGUiOjYwMDAwMDAwMDAwMH19",
          "dependencies": [
            "aws_dynamodb_table.findings",
            "aws_dynamodb_table.scan_history",
            "aws_iam_role.report_generator_role",
            "aws_iam_role.scanner_lambda_role",
            "aws_lambda_function.check_cloudtrail",
            "aws_lambda_function.check_ec2",
            "aws_lambda_function.check_iam",
            "aws_lambda_function.check_s3",
            "aws_lambda_function.check_vpc",
            "aws_lambda_function.report_generator",
            "aws_s3_bucket.reports",
            "aws_sns_topic.alerts",
            "aws_sns_topic.daily_summary",
            "data.archive_file.check_cloudtrail",
            "data.archive_file.check_ec2",
            "data.archive_file.check_iam",
            "data.archive_file.check_s3",
            "data.archive_file.check_vpc",
            "data.archive_file.orchestrator",
            "data.archive_file.report_generator",
            "random_string.suffix"
          ]
        }
      ]
    },
    {
      "mode": "managed",
      "type": "aws_lambda_function",
      "name": "report_generator",
      "provider": "provider[\"registry.terraform.io/hashicorp/aws\"]",
      "instances": [
        {
          "schema_version": 0,
          "attributes": {
            "architectures": [
              "x86_64"
            ],
            "arn": "arn:aws:lambda:us-east-1:503561456712:function:compliance-scanner-report-generator-wo9mv6dx",
            "code_sha256": "bkRUxVSHjallS3I8JQuQtZ8VMqFonEJAbQT67KytLwg=",
            "code_signing_config_arn": "",
            "dead_letter_config": [],
            "description": "Generates compliance reports and sends notifications",
            "environment": [
              {
                "variables": {
                  "FINDINGS_TABLE": "compliance-scanner-findings-wo9mv6dx",
                  "REPORT_BUCKET": "compliance-scanner-reports-wo9mv6dx",
                  "SNS_TOPIC_ARN": "arn:aws:sns:us-east-1:503561456712:compliance-scanner-alerts-wo9mv6dx",
                  "SUMMARY_TOPIC_ARN": "arn:aws:sns:us-east-1:503561456712:compliance-scanner-daily-summary-wo9mv6dx"
                }
              }
            ],
            "ephemeral_storage": [
              {
                "size": 512
              }
            ],
            "file_system_config": [],
            "filename": "./.terraform/tmp/report_generator.zip",
            "function_name": "compliance-scanner-report-generator-wo9mv6dx",
            "handler": "lambda_function.lambda_handler",
            "id": "compliance-scanner-report-generator-wo9mv6dx",
            "image_config": [],
            "image_uri": "",
            "invoke_arn": "arn:aws:apigateway:us-east-1:lambda:path/2015-03-31/functions/arn:aws:lambda:us-east-1:503561456712:function:compliance-scanner-report-generator-wo9mv6dx/invocations",
            "kms_key_arn": "",
            "last_modified": "2026-01-20T21:12:23.077+0000",
            "layers": null,
            "logging_config": [
              {
                "application_log_level": "",
                "log_format": "Text",
                "log_group": "/aws/lambda/compliance-scanner-report-generator-wo9mv6dx",
                "system_log_level": ""
              }
            ],
            "memory_size": 512,
            "package_type": "Zip",
            "publish": false,
            "qualified_arn": "arn:aws:lambda:us-east-1:503561456712:function:compliance-scanner-report-generator-wo9mv6dx:$LATEST",
            "qualified_invoke_arn": "arn:aws:apigateway:us-east-1:lambda:path/2015-03-31/functions/arn:aws:lambda:us-east-1:503561456712:function:compliance-scanner-report-generator-wo9mv6dx:$LATEST/invocations",
            "replace_security_groups_on_destroy": null,
            "replacement_security_group_ids": null,
            "reserved_concurrent_executions": -1,
            "role": "arn:aws:iam::503561456712:role/compliance-scanner-report-role-wo9mv6dx",
            "runtime": "python3.12",
            "s3_bucket": null,
            "s3_key": null,
            "s3_object_version": null,
            "signing_job_arn": "",
            "signing_profile_version_arn": "",
            "skip_destroy": false,
            "snap_start": [],
            "source_code_hash": "bkRUxVSHjallS3I8JQuQtZ8VMqFonEJAbQT67KytLwg=",
            "source_code_size": 4188,
            "tags": {
              "Name": "compliance-scanner-report-generator"
            },
            "tags_all": {
              "Environment": "dev",
              "ManagedBy": "Terraform",
              "Name": "compliance-scanner-report-generator",
              "Project": "CloudGuard"
            },
            "timeout": 300,
            "timeouts": null,
            "tracing_config": [
              {
                "mode": "PassThrough"
              }
            ],
            "version": "$LATEST",
            "vpc_config": []
          },
          "sensitive_attributes": [],
          "identity_schema_version": 0,
          "private": "eyJlMmJmYjczMC1lY2FhLTExZTYtOGY4OC0zNDM2M2JjN2M0YzAiOnsiY3JlYXRlIjo2MDAwMDAwMDAwMDAsImRlbGV0ZSI6NjAwMDAwMDAwMDAwLCJ1cGRhdGUiOjYwMDAwMDAwMDAwMH19",
          "dependencies": [
            "aws_dynamodb_table.findings",
            "aws_iam_role.report_generator_role",
            "aws_s3_bucket.reports",
            "aws_sns_topic.alerts",
            "aws_sns_topic.daily_summary",
            "data.archive_file.report_generator",
            "random_string.suffix"
          ]
        }
      ]
    },
    {
      "mode": "managed",
      "type": "aws_lambda_permission",
      "name": "eventbridge",
      "provider": "provider[\"registry.terraform.io/hashicorp/aws\"]",
      "instances": [
        {
          "schema_version": 0,
          "attributes": {
            "action": "lambda:InvokeFunction",
            "event_source_token": null,
            "function_name": "compliance-scanner-orchestrator-wo9mv6dx",
            "function_url_auth_type": null,
            "id": "AllowEventBridgeInvoke",
            "principal": "events.amazonaws.com",
            "principal_org_id": null,
            "qualifier": "",
            "source_account": null,
            "source_arn": "arn:aws:events:us-east-1:503561456712:rule/compliance-scanner-daily-scan-wo9mv6dx",
            "statement_id": "AllowEventBridgeInvoke",
            "statement_id_prefix": ""
          },
          "sensitive_attributes": [],
          "identity_schema_version": 0,
          "private": "bnVsbA==",
          "dependencies": [
            "aws_cloudwatch_event_rule.daily_scan",
            "aws_dynamodb_table.findings",
            "aws_dynamodb_table.scan_history",
            "aws_iam_role.report_generator_role",
            "aws_iam_role.scanner_lambda_role",
            "aws_lambda_function.check_cloudtrail",
            "aws_lambda_function.check_ec2",
            "aws_lambda_function.check_iam",
            "aws_lambda_function.check_s3",
            "aws_lambda_function.check_vpc",
            "aws_lambda_function.orchestrator",
            "aws_lambda_function.report_generator",
            "aws_s3_bucket.reports",
            "aws_sns_topic.alerts",
            "aws_sns_topic.daily_summary",
            "data.archive_file.check_cloudtrail",
            "data.archive_file.check_ec2",
            "data.archive_file.check_iam",
            "data.archive_file.check_s3",
            "data.archive_file.check_vpc",
            "data.archive_file.orchestrator",
            "data.archive_file.report_generator",
            "random_string.suffix"
          ]
        }
      ]
    },
    {
      "mode": "managed",
      "type": "aws_s3_bucket",
      "name": "lambda_code",
      "provider": "provider[\"registry.terraform.io/hashicorp/aws\"]",
      "instances": [
        {
          "schema_version": 0,
          "attributes": {
            "acceleration_status": "",
            "acl": null,
            "arn": "arn:aws:s3:::compliance-scanner-lambda-code-wo9mv6dx",
            "bucket": "compliance-scanner-lambda-code-wo9mv6dx",
            "bucket_domain_name": "compliance-scanner-lambda-code-wo9mv6dx.s3.amazonaws.com",
            "bucket_prefix": "",
            "bucket_regional_domain_name": "compliance-scanner-lambda-code-wo9mv6dx.s3.us-east-1.amazonaws.com",
            "cors_rule": [],
            "force_destroy": false,
            "grant": [
              {
                "id": "653de90287b89abd77f5b037de9bd6f91fc550e07fd70da6b2d7bbb7ad54c1cb",
                "permissions": [
                  "FULL_CONTROL"
                ],
                "type": "CanonicalUser",
                "uri": ""
              }
            ],
            "hosted_zone_id": "Z3AQBSTGFYJSTF",
            "id": "compliance-scanner-lambda-code-wo9mv6dx",
            "lifecycle_rule": [],
            "logging": [],
            "object_lock_configuration": [],
            "object_lock_enabled": false,
            "policy": "",
            "region": "us-east-1",
            "replication_configuration": [],
            "request_payer": "BucketOwner",
            "server_side_encryption_configuration": [
              {
                "rule": [
                  {
                    "apply_server_side_encryption_by_default": [
                      {
                        "kms_master_key_id": "",
                        "sse_algorithm": "AES256"
                      }
                    ],
                    "bucket_key_enabled": false
                  }
                ]
              }
            ],
            "tags": {
              "Name": "compliance-scanner-lambda-code"
            },
            "tags_all": {
              "Environment": "dev",
              "ManagedBy": "Terraform",
              "Name": "compliance-scanner-lambda-code",
              "Project": "CloudGuard"
            },
            "timeouts": null,
            "versioning": [
              {
                "enabled": false,
                "mfa_delete": false
              }
            ],
            "website": [],
            "website_domain": null,
            "website_endpoint": null
          },
          "sensitive_attributes": [],
          "identity_schema_version": 0,
          "private": "eyJlMmJmYjczMC1lY2FhLTExZTYtOGY4OC0zNDM2M2JjN2M0YzAiOnsiY3JlYXRlIjoxMjAwMDAwMDAwMDAwLCJkZWxldGUiOjM2MDAwMDAwMDAwMDAsInJlYWQiOjEyMDAwMDAwMDAwMDAsInVwZGF0ZSI6MTIwMDAwMDAwMDAwMH19",
          "dependencies": [
            "random_string.suffix"
          ]
        }
      ]
    },
    {
      "mode": "managed",
      "type": "aws_s3_bucket",
      "name": "reports",
      "provider": "provider[\"registry.terraform.io/hashicorp/aws\"]",
      "instances": [
        {
          "schema_version": 0,
          "attributes": {
            "acceleration_status": "",
            "acl": null,
            "arn": "arn:aws:s3:::compliance-scanner-reports-wo9mv6dx",
            "bucket": "compliance-scanner-reports-wo9mv6dx",
            "bucket_domain_name": "compliance-scanner-reports-wo9mv6dx.s3.amazonaws.com",
            "bucket_prefix": "",
            "bucket_regional_domain_name": "compliance-scanner-reports-wo9mv6dx.s3.us-east-1.amazonaws.com",
            "cors_rule": [],
            "force_destroy": false,
            "grant": [
              {
                "id": "653de90287b89abd77f5b037de9bd6f91fc550e07fd70da6b2d7bbb7ad54c1cb",
                "permissions": [
                  "FULL_CONTROL"
                ],
                "type": "CanonicalUser",
                "uri": ""
              }
            ],
            "hosted_zone_id": "Z3AQBSTGFYJSTF",
            "id": "compliance-scanner-reports-wo9mv6dx",
            "lifecycle_rule": [],
            "logging": [],
            "object_lock_configuration": [],
            "object_lock_enabled": false,
            "policy": "",
            "region": "us-east-1",
            "replication_configuration": [],
            "request_payer": "BucketOwner",
            "server_side_encryption_configuration": [
              {
                "rule": [
                  {
                    "apply_server_side_encryption_by_default": [
                      {
                        "kms_master_key_id": "",
                        "sse_algorithm": "AES256"
                      }
                    ],
                    "bucket_key_enabled": false
                  }
                ]
              }
            ],
            "tags": {
              "Name": "compliance-scanner-reports"
            },
            "tags_all": {
              "Environment": "dev",
              "ManagedBy": "Terraform",
              "Name": "compliance-scanner-reports",
              "Project": "CloudGuard"
            },
            "timeouts": null,
            "versioning": [
              {
                "enabled": false,
                "mfa_delete": false
              }
            ],
            "website": [],
            "website_domain": null,
            "website_endpoint": null
          },
          "sensitive_attributes": [],
          "identity_schema_version": 0,
          "private": "eyJlMmJmYjczMC1lY2FhLTExZTYtOGY4OC0zNDM2M2JjN2M0YzAiOnsiY3JlYXRlIjoxMjAwMDAwMDAwMDAwLCJkZWxldGUiOjM2MDAwMDAwMDAwMDAsInJlYWQiOjEyMDAwMDAwMDAwMDAsInVwZGF0ZSI6MTIwMDAwMDAwMDAwMH19",
          "dependencies": [
            "random_string.suffix"
          ]
        }
      ]
    },
    {
      "mode": "managed",
      "type": "aws_s3_bucket_lifecycle_configuration",
      "name": "reports",
      "provider": "provider[\"registry.terraform.io/hashicorp/aws\"]",
      "instances": [
        {
          "schema_version": 1,
          "attributes": {
            "bucket": "compliance-scanner-reports-wo9mv6dx",
            "expected_bucket_owner": "",
            "id": "compliance-scanner-reports-wo9mv6dx",
            "rule": [
              {
                "abort_incomplete_multipart_upload": [],
                "expiration": [
                  {
                    "date": null,
                    "days": 365,
                    "expired_object_delete_marker": false
                  }
                ],
                "filter": [
                  {
                    "and": [],
                    "object_size_greater_than": null,
                    "object_size_less_than": null,
                    "prefix": "",
                    "tag": []
                  }
                ],
                "id": "archive-old-reports",
                "noncurrent_version_expiration": [],
                "noncurrent_version_transition": [],
                "prefix": "",
                "status": "Enabled",
                "transition": [
                  {
                    "date": null,
                    "days": 30,
                    "storage_class": "STANDARD_IA"
                  },
                  {
                    "date": null,
                    "days": 90,
                    "storage_class": "GLACIER"
                  }
                ]
              }
            ],
            "timeouts": null,
            "transition_default_minimum_object_size": "all_storage_classes_128K"
          },
          "sensitive_attributes": [],
          "identity_schema_version": 0,
          "dependencies": [
            "aws_s3_bucket.reports",
            "random_string.suffix"
          ]
        }
      ]
    },
    {
      "mode": "managed",
      "type": "aws_s3_bucket_public_access_block",
      "name": "lambda_code",
      "provider": "provider[\"registry.terraform.io/hashicorp/aws\"]",
      "instances": [
        {
          "schema_version": 0,
          "attributes": {
            "block_public_acls": true,
            "block_public_policy": true,
            "bucket": "compliance-scanner-lambda-code-wo9mv6dx",
            "id": "compliance-scanner-lambda-code-wo9mv6dx",
            "ignore_public_acls": true,
            "restrict_public_buckets": true
          },
          "sensitive_attributes": [],
          "identity_schema_version": 0,
          "private": "bnVsbA==",
          "dependencies": [
            "aws_s3_bucket.lambda_code",
            "random_string.suffix"
          ]
        }
      ]
    },
    {
      "mode": "managed",
      "type": "aws_s3_bucket_public_access_block",
      "name": "reports",
      "provider": "provider[\"registry.terraform.io/hashicorp/aws\"]",
      "instances": [
        {
          "schema_version": 0,
          "attributes": {
            "block_public_acls": true,
            "block_public_policy": true,
            "bucket": "compliance-scanner-reports-wo9mv6dx",
            "id": "compliance-scanner-reports-wo9mv6dx",
            "ignore_public_acls": true,
            "restrict_public_buckets": true
          },
          "sensitive_attributes": [],
          "identity_schema_version": 0,
          "private": "bnVsbA==",
          "dependencies": [
            "aws_s3_bucket.reports",
            "random_string.suffix"
          ]
        }
      ]
    },
    {
      "mode": "managed",
      "type": "aws_s3_bucket_server_side_encryption_configuration",
      "name": "lambda_code",
      "provider": "provider[\"registry.terraform.io/hashicorp/aws\"]",
      "instances": [
        {
          "schema_version": 0,
          "attributes": {
            "bucket": "compliance-scanner-lambda-code-wo9mv6dx",
            "expected_bucket_owner": "",
            "id": "compliance-scanner-lambda-code-wo9mv6dx",
            "rule": [
              {
                "apply_server_side_encryption_by_default": [
                  {
                    "kms_master_key_id": "",
                    "sse_algorithm": "AES256"
                  }
                ],
                "bucket_key_enabled": null
              }
            ]
          },
          "sensitive_attributes": [],
          "identity_schema_version": 0,
          "private": "bnVsbA==",
          "dependencies": [
            "aws_s3_bucket.lambda_code",
            "random_string.suffix"
          ]
        }
      ]
    },
    {
      "mode": "managed",
      "type": "aws_s3_bucket_server_side_encryption_configuration",
      "name": "reports",
      "provider": "provider[\"registry.terraform.io/hashicorp/aws\"]",
      "instances": [
        {
          "schema_version": 0,
          "attributes": {
            "bucket": "compliance-scanner-reports-wo9mv6dx",
            "expected_bucket_owner": "",
            "id": "compliance-scanner-reports-wo9mv6dx",
            "rule": [
              {
                "apply_server_side_encryption_by_default": [
                  {
                    "kms_master_key_id": "",
                    "sse_algorithm": "AES256"
                  }
                ],
                "bucket_key_enabled": null
              }
            ]
          },
          "sensitive_attributes": [],
          "identity_schema_version": 0,
          "private": "bnVsbA==",
          "dependencies": [
            "aws_s3_bucket.reports",
            "random_string.suffix"
          ]
        }
      ]
    },
    {
      "mode": "managed",
      "type": "aws_s3_bucket_versioning",
      "name": "lambda_code",
      "provider": "provider[\"registry.terraform.io/hashicorp/aws\"]",
      "instances": [
        {
          "schema_version": 0,
          "attributes": {
            "bucket": "compliance-scanner-lambda-code-wo9mv6dx",
            "expected_bucket_owner": "",
            "id": "compliance-scanner-lambda-code-wo9mv6dx",
            "mfa": null,
            "versioning_configuration": [
              {
                "mfa_delete": "",
                "status": "Enabled"
              }
            ]
          },
          "sensitive_attributes": [],
          "identity_schema_version": 0,
          "private": "bnVsbA==",
          "dependencies": [
            "aws_s3_bucket.lambda_code",
            "random_string.suffix"
          ]
        }
      ]
    },
    {
      "mode": "managed",
      "type": "aws_s3_bucket_versioning",
      "name": "reports",
      "provider": "provider[\"registry.terraform.io/hashicorp/aws\"]",
      "instances": [
        {
          "schema_version": 0,
          "attributes": {
            "bucket": "compliance-scanner-reports-wo9mv6dx",
            "expected_bucket_owner": "",
            "id": "compliance-scanner-reports-wo9mv6dx",
            "mfa": null,
            "versioning_configuration": [
              {
                "mfa_delete": "",
                "status": "Enabled"
              }
            ]
          },
          "sensitive_attributes": [],
          "identity_schema_version": 0,
          "private": "bnVsbA==",
          "dependencies": [
            "aws_s3_bucket.reports",
            "random_string.suffix"
          ]
        }
      ]
    },
    {
      "mode": "managed",
      "type": "aws_sns_topic",
      "name": "alerts",
      "provider": "provider[\"registry.terraform.io/hashicorp/aws\"]",
      "instances": [
        {
          "schema_version": 0,
          "attributes": {
            "application_failure_feedback_role_arn": "",
            "application_success_feedback_role_arn": "",
            "application_success_feedback_sample_rate": 0,
            "archive_policy": "",
            "arn": "arn:aws:sns:us-east-1:503561456712:compliance-scanner-alerts-wo9mv6dx",
            "beginning_archive_time": "",
            "content_based_deduplication": false,
            "delivery_policy": "",
            "display_name": "",
            "fifo_throughput_scope": "",
            "fifo_topic": false,
            "firehose_failure_feedback_role_arn": "",
            "firehose_success_feedback_role_arn": "",
            "firehose_success_feedback_sample_rate": 0,
            "http_failure_feedback_role_arn": "",
            "http_success_feedback_role_arn": "",
            "http_success_feedback_sample_rate": 0,
            "id": "arn:aws:sns:us-east-1:503561456712:compliance-scanner-alerts-wo9mv6dx",
            "kms_master_key_id": "",
            "lambda_failure_feedback_role_arn": "",
            "lambda_success_feedback_role_arn": "",
            "lambda_success_feedback_sample_rate": 0,
            "name": "compliance-scanner-alerts-wo9mv6dx",
            "name_prefix": "",
            "owner": "503561456712",
            "policy": "{\"Id\":\"__default_policy_ID\",\"Statement\":[{\"Action\":[\"SNS:GetTopicAttributes\",\"SNS:SetTopicAttributes\",\"SNS:AddPermission\",\"SNS:RemovePermission\",\"SNS:DeleteTopic\",\"SNS:Subscribe\",\"SNS:ListSubscriptionsByTopic\",\"SNS:Publish\"],\"Condition\":{\"StringEquals\":{\"AWS:SourceOwner\":\"503561456712\"}},\"Effect\":\"Allow\",\"Principal\":{\"AWS\":\"*\"},\"Resource\":\"arn:aws:sns:us-east-1:503561456712:compliance-scanner-alerts-wo9mv6dx\",\"Sid\":\"__default_statement_ID\"}],\"Version\":\"2008-10-17\"}",
            "signature_version": 0,
            "sqs_failure_feedback_role_arn": "",
            "sqs_success_feedback_role_arn": "",
            "sqs_success_feedback_sample_rate": 0,
            "tags": {
              "Name": "compliance-scanner-alerts"
            },
            "tags_all": {
              "Environment": "dev",
              "ManagedBy": "Terraform",
              "Name": "compliance-scanner-alerts",
              "Project": "CloudGuard"
            },
            "tracing_config": ""
          },
          "sensitive_attributes": [],
          "identity_schema_version": 0,
          "private": "bnVsbA==",
          "dependencies": [
            "random_string.suffix"
          ]
        }
      ]
    },
    {
      "mode": "managed",
      "type": "aws_sns_topic",
      "name": "daily_summary",
      "provider": "provider[\"registry.terraform.io/hashicorp/aws\"]",
      "instances": [
        {
          "schema_version": 0,
          "attributes": {
            "application_failure_feedback_role_arn": "",
            "application_success_feedback_role_arn": "",
            "application_success_feedback_sample_rate": 0,
            "archive_policy": "",
            "arn": "arn:aws:sns:us-east-1:503561456712:compliance-scanner-daily-summary-wo9mv6dx",
            "beginning_archive_time": "",
            "content_based_deduplication": false,
            "delivery_policy": "",
            "display_name": "",
            "fifo_throughput_scope": "",
            "fifo_topic": false,
            "firehose_failure_feedback_role_arn": "",
            "firehose_success_feedback_role_arn": "",
            "firehose_success_feedback_sample_rate": 0,
            "http_failure_feedback_role_arn": "",
            "http_success_feedback_role_arn": "",
            "http_success_feedback_sample_rate": 0,
            "id": "arn:aws:sns:us-east-1:503561456712:compliance-scanner-daily-summary-wo9mv6dx",
            "kms_master_key_id": "",
            "lambda_failure_feedback_role_arn": "",
            "lambda_success_feedback_role_arn": "",
            "lambda_success_feedback_sample_rate": 0,
            "name": "compliance-scanner-daily-summary-wo9mv6dx",
            "name_prefix": "",
            "owner": "503561456712",
            "policy": "{\"Id\":\"__default_policy_ID\",\"Statement\":[{\"Action\":[\"SNS:GetTopicAttributes\",\"SNS:SetTopicAttributes\",\"SNS:AddPermission\",\"SNS:RemovePermission\",\"SNS:DeleteTopic\",\"SNS:Subscribe\",\"SNS:ListSubscriptionsByTopic\",\"SNS:Publish\"],\"Condition\":{\"StringEquals\":{\"AWS:SourceOwner\":\"503561456712\"}},\"Effect\":\"Allow\",\"Principal\":{\"AWS\":\"*\"},\"Resource\":\"arn:aws:sns:us-east-1:503561456712:compliance-scanner-daily-summary-wo9mv6dx\",\"Sid\":\"__default_statement_ID\"}],\"Version\":\"2008-10-17\"}",
            "signature_version": 0,
            "sqs_failure_feedback_role_arn": "",
            "sqs_success_feedback_role_arn": "",
            "sqs_success_feedback_sample_rate": 0,
            "tags": {
              "Name": "compliance-scanner-daily-summary"
            },
            "tags_all": {
              "Environment": "dev",
              "ManagedBy": "Terraform",
              "Name": "compliance-scanner-daily-summary",
              "Project": "CloudGuard"
            },
            "tracing_config": ""
          },
          "sensitive_attributes": [],
          "identity_schema_version": 0,
          "private": "bnVsbA==",
          "dependencies": [
            "random_string.suffix"
          ]
        }
      ]
    },
    {
      "mode": "managed",
      "type": "aws_sns_topic_policy",
      "name": "alerts",
      "provider": "provider[\"registry.terraform.io/hashicorp/aws\"]",
      "instances": [
        {
          "schema_version": 0,
          "attributes": {
            "arn": "arn:aws:sns:us-east-1:503561456712:compliance-scanner-alerts-wo9mv6dx",
            "id": "arn:aws:sns:us-east-1:503561456712:compliance-scanner-alerts-wo9mv6dx",
            "owner": "503561456712",
            "policy": "{\"Statement\":[{\"Action\":\"sns:Publish\",\"Condition\":{\"ArnLike\":{\"aws:SourceArn\":\"arn:aws:lambda:us-east-1:503561456712:function:compliance-scanner-*\"}},\"Effect\":\"Allow\",\"Principal\":{\"Service\":\"lambda.amazonaws.com\"},\"Resource\":\"arn:aws:sns:us-east-1:503561456712:compliance-scanner-alerts-wo9mv6dx\",\"Sid\":\"AllowLambdaPublish\"}],\"Version\":\"2012-10-17\"}"
          },
          "sensitive_attributes": [],
          "identity_schema_version": 0,
          "private": "bnVsbA==",
          "dependencies": [
            "aws_sns_topic.alerts",
            "data.aws_caller_identity.current",
            "data.aws_region.current",
            "random_string.suffix"
          ]
        }
      ]
    },
    {
      "mode": "managed",
      "type": "aws_sns_topic_subscription",
      "name": "daily_summary_email",
      "provider": "provider[\"registry.terraform.io/hashicorp/aws\"]",
      "instances": [
        {
          "index_key": 0,
          "schema_version": 0,
          "attributes": {
            "arn": "arn:aws:sns:us-east-1:503561456712:compliance-scanner-daily-summary-wo9mv6dx:399027c0-2218-4bc1-bc9c-2526de360c67",
            "confirmation_timeout_in_minutes": 1,
            "confirmation_was_authenticated": false,
            "delivery_policy": "",
            "endpoint": "claidi88@gmail.com",
            "endpoint_auto_confirms": false,
            "filter_policy": "",
            "filter_policy_scope": "",
            "id": "arn:aws:sns:us-east-1:503561456712:compliance-scanner-daily-summary-wo9mv6dx:399027c0-2218-4bc1-bc9c-2526de360c67",
            "owner_id": "503561456712",
            "pending_confirmation": true,
            "protocol": "email",
            "raw_message_delivery": false,
            "redrive_policy": "",
            "replay_policy": "",
            "subscription_role_arn": "",
            "topic_arn": "arn:aws:sns:us-east-1:503561456712:compliance-scanner-daily-summary-wo9mv6dx"
          },
          "sensitive_attributes": [],
          "identity_schema_version": 0,
          "private": "bnVsbA==",
          "dependencies": [
            "aws_sns_topic.daily_summary",
            "random_string.suffix"
          ]
        }
      ]
    },
    {
      "mode": "managed",
      "type": "aws_sns_topic_subscription",
      "name": "email",
      "provider": "provider[\"registry.terraform.io/hashicorp/aws\"]",
      "instances": [
        {
          "index_key": 0,
          "schema_version": 0,
          "attributes": {
            "arn": "arn:aws:sns:us-east-1:503561456712:compliance-scanner-alerts-wo9mv6dx:1c847664-acc5-4d1f-8f88-50987b478a25",
            "confirmation_timeout_in_minutes": 1,
            "confirmation_was_authenticated": false,
            "delivery_policy": "",
            "endpoint": "claidi88@gmail.com",
            "endpoint_auto_confirms": false,
            "filter_policy": "",
            "filter_policy_scope": "",
            "id": "arn:aws:sns:us-east-1:503561456712:compliance-scanner-alerts-wo9mv6dx:1c847664-acc5-4d1f-8f88-50987b478a25",
            "owner_id": "503561456712",
            "pending_confirmation": true,
            "protocol": "email",
            "raw_message_delivery": false,
            "redrive_policy": "",
            "replay_policy": "",
            "subscription_role_arn": "",
            "topic_arn": "arn:aws:sns:us-east-1:503561456712:compliance-scanner-alerts-wo9mv6dx"
          },
          "sensitive_attributes": [],
          "identity_schema_version": 0,
          "private": "bnVsbA==",
          "dependencies": [
            "aws_sns_topic.alerts",
            "random_string.suffix"
          ]
        }
      ]
    },
    {
      "mode": "managed",
      "type": "random_string",
      "name": "suffix",
      "provider": "provider[\"registry.terraform.io/hashicorp/random\"]",
      "instances": [
        {
          "schema_version": 2,
          "attributes": {
            "id": "wo9mv6dx",
            "keepers": null,
            "length": 8,
            "lower": true,
            "min_lower": 0,
            "min_numeric": 0,
            "min_special": 0,
            "min_upper": 0,
            "number": true,
            "numeric": true,
            "override_special": null,
            "result": "wo9mv6dx",
            "special": false,
            "upper": false
          },
          "sensitive_attributes": [],
          "identity_schema_version": 0
        }
      ]
    }
  ],
  "check_results": null
}
